PODS:
  - CMPopTipView (2.3.0)
  - CocoaAsyncSocket (7.5.0):
    - CocoaAsyncSocket/GCD (= 7.5.0)
  - CocoaAsyncSocket/GCD (7.5.0)
  - CocoaHTTPServer (2.3):
    - CocoaAsyncSocket
    - CocoaLumberjack
  - CocoaLumberjack (3.0.0):
    - CocoaLumberjack/Default (= 3.0.0)
    - CocoaLumberjack/Extensions (= 3.0.0)
  - CocoaLumberjack/Core (3.0.0)
  - CocoaLumberjack/Default (3.0.0):
    - CocoaLumberjack/Core
  - CocoaLumberjack/Extensions (3.0.0):
    - CocoaLumberjack/Default
  - DJKFlatIconAuthors (0.0.1)
  - Realm (1.1.0):
    - Realm/Headers (= 1.1.0)
  - Realm/Headers (1.1.0)

DEPENDENCIES:
  - CMPopTipView
  - CocoaAsyncSocket
  - CocoaHTTPServer
  - DJKFlatIconAuthors (from `https://github.com/WataruSuzuki/DJKFlatIconAuthors.git`)
  - Realm

EXTERNAL SOURCES:
  DJKFlatIconAuthors:
    :git: https://github.com/WataruSuzuki/DJKFlatIconAuthors.git

CHECKOUT OPTIONS:
  DJKFlatIconAuthors:
    :commit: 9a1596dd5e0ab2c2f933550d61f8644304c78f29
    :git: https://github.com/WataruSuzuki/DJKFlatIconAuthors.git

SPEC CHECKSUMS:
  CMPopTipView: 774e0230b5c73abb3c39051da6d8a383373c4f7f
  CocoaAsyncSocket: 3baeb1ddd969f81cf9fca81053ae49ef2d1cbbfa
  CocoaHTTPServer: 5624681fc3473d43b18202f635f9b3abb013b530
  CocoaLumberjack: c823149bccc5519a9447aeb433be7b1212a7d6a5
  DJKFlatIconAuthors: aff39c56b33e8a51c298d5750de2f4187edfe72c
  Realm: ceecf1a4540c4ce9efe196fe73fa9855bce05bd8

PODFILE CHECKSUM: 96f56b1cebb9bdd23b581032b02f8685882163fb

COCOAPODS: 1.0.1
