PODS:
  - CMPopTipView (2.3.0)
  - CocoaAsyncSocket (7.6.0)
  - CocoaHTTPServer (2.3):
    - CocoaAsyncSocket
    - CocoaLumberjack
  - CocoaLumberjack (3.1.0):
    - CocoaLumberjack/Default (= 3.1.0)
    - CocoaLumberjack/Extensions (= 3.1.0)
  - CocoaLumberjack/Default (3.1.0)
  - CocoaLumberjack/Extensions (3.1.0):
    - CocoaLumberjack/Default
  - DJKFlatIconAuthors (0.0.1)
  - Realm (2.4.4):
    - Realm/Headers (= 2.4.4)
  - Realm/Headers (2.4.4)

DEPENDENCIES:
  - CMPopTipView
  - CocoaAsyncSocket
  - CocoaHTTPServer
  - DJKFlatIconAuthors (from `https://github.com/WataruSuzuki/DJKFlatIconAuthors.git`)
  - Realm

EXTERNAL SOURCES:
  DJKFlatIconAuthors:
    :git: https://github.com/WataruSuzuki/DJKFlatIconAuthors.git

CHECKOUT OPTIONS:
  DJKFlatIconAuthors:
    :commit: 9a1596dd5e0ab2c2f933550d61f8644304c78f29
    :git: https://github.com/WataruSuzuki/DJKFlatIconAuthors.git

SPEC CHECKSUMS:
  CMPopTipView: 774e0230b5c73abb3c39051da6d8a383373c4f7f
  CocoaAsyncSocket: b9d5589f07baf9de8f34cc25abd4fcba28f13805
  CocoaHTTPServer: 5624681fc3473d43b18202f635f9b3abb013b530
  CocoaLumberjack: 8311463ddf9ee86a06ef92a071dd656c89244500
  DJKFlatIconAuthors: aff39c56b33e8a51c298d5750de2f4187edfe72c
  Realm: 5a280a1f5a9a3c267bebf4f41ee47911137703d7

PODFILE CHECKSUM: b8c4a643e37d975be45bdbc9ac22df4261b11e46

COCOAPODS: 1.2.0
