// !$*UTF8*$!
{
	archiveVersion = 1;
	classes = {
	};
	objectVersion = 46;
	objects = {

/* Begin PBXBuildFile section */
		33BD8AE26A327F1D860E5BA1 /* libPods-APNAssistantLite.a in Frameworks */ = {isa = PBXBuildFile; fileRef = 128B0E72D54F7296BFA4B211 /* libPods-APNAssistantLite.a */; };
		600F95691DA2317E00045495 /* MsgNoDataView.swift in Sources */ = {isa = PBXBuildFile; fileRef = 600F95681DA2317E00045495 /* MsgNoDataView.swift */; };
		600F956B1DA231A200045495 /* MsgNoDataView.xib in Resources */ = {isa = PBXBuildFile; fileRef = 600F956A1DA231A200045495 /* MsgNoDataView.xib */; };
		600F956C1DA235E700045495 /* MsgNoDataView.swift in Sources */ = {isa = PBXBuildFile; fileRef = 600F95681DA2317E00045495 /* MsgNoDataView.swift */; };
		600F956E1DA2568600045495 /* MsgNoDataView.xib in Resources */ = {isa = PBXBuildFile; fileRef = 600F956A1DA231A200045495 /* MsgNoDataView.xib */; };
		601514611DED8DF1003A3586 /* Localizable.strings in Resources */ = {isa = PBXBuildFile; fileRef = 60BEE5071CA3E1A4005B86B9 /* Localizable.strings */; };
		602211F71CC7395B0065D37D /* DetailApnViewController.swift in Sources */ = {isa = PBXBuildFile; fileRef = 602211F61CC7395B0065D37D /* DetailApnViewController.swift */; };
		60224E0C1CA0E32200AFB201 /* EditApnViewController.swift in Sources */ = {isa = PBXBuildFile; fileRef = 60224E0B1CA0E32200AFB201 /* EditApnViewController.swift */; };
		60224E0E1CA0E34D00AFB201 /* ApnListViewController.swift in Sources */ = {isa = PBXBuildFile; fileRef = 60224E0D1CA0E34D00AFB201 /* ApnListViewController.swift */; };
		602A462B1D65377000ED22D6 /* InfoPlist.strings in Resources */ = {isa = PBXBuildFile; fileRef = 602A462D1D65377000ED22D6 /* InfoPlist.strings */; };
		602A46311D65483A00ED22D6 /* SegmentedCtrlCell.swift in Sources */ = {isa = PBXBuildFile; fileRef = 602A462F1D65483A00ED22D6 /* SegmentedCtrlCell.swift */; };
		602A46321D65483A00ED22D6 /* SegmentedCtrlCell.xib in Resources */ = {isa = PBXBuildFile; fileRef = 602A46301D65483A00ED22D6 /* SegmentedCtrlCell.xib */; };
		60301DC41E03C8D20013B26A /* AvailableCountriesHelper.swift in Sources */ = {isa = PBXBuildFile; fileRef = 60301DC31E03C8D20013B26A /* AvailableCountriesHelper.swift */; };
		60301DC61E03C94C0013B26A /* AvailableProfileHelper.swift in Sources */ = {isa = PBXBuildFile; fileRef = 60301DC51E03C94C0013B26A /* AvailableProfileHelper.swift */; };
		60301DC81E03CA340013B26A /* UtilFileManager.swift in Sources */ = {isa = PBXBuildFile; fileRef = 60301DC71E03CA340013B26A /* UtilFileManager.swift */; };
		603816941E07952E001D5C70 /* UtilFileManager.swift in Sources */ = {isa = PBXBuildFile; fileRef = 60301DC71E03CA340013B26A /* UtilFileManager.swift */; };
		603816951E0797F1001D5C70 /* UtilFileManager.swift in Sources */ = {isa = PBXBuildFile; fileRef = 60301DC71E03CA340013B26A /* UtilFileManager.swift */; };
		603816961E079804001D5C70 /* AvailableProfileHelper.swift in Sources */ = {isa = PBXBuildFile; fileRef = 60301DC51E03C94C0013B26A /* AvailableProfileHelper.swift */; };
		603816971E079808001D5C70 /* AvailableCountriesHelper.swift in Sources */ = {isa = PBXBuildFile; fileRef = 60301DC31E03C8D20013B26A /* AvailableCountriesHelper.swift */; };
		6052A18F1D63E28C00A3B8CE /* ApnSummaryObject.swift in Sources */ = {isa = PBXBuildFile; fileRef = F009F3A91D600AE700D428D6 /* ApnSummaryObject.swift */; };
		6052A1901D63E29100A3B8CE /* ApnProfileObject.swift in Sources */ = {isa = PBXBuildFile; fileRef = F009F3A81D600AE700D428D6 /* ApnProfileObject.swift */; };
		6052A1941D63E34800A3B8CE /* UtilHandleRLMObject.swift in Sources */ = {isa = PBXBuildFile; fileRef = 6066A9991CB7DDA10059CAC7 /* UtilHandleRLMObject.swift */; };
		6052A1951D63E34C00A3B8CE /* UtilCocoaHTTPServer.swift in Sources */ = {isa = PBXBuildFile; fileRef = 6082F1B71D536B53000B59EA /* UtilCocoaHTTPServer.swift */; };
		6066A99A1CB7DDA10059CAC7 /* UtilHandleRLMObject.swift in Sources */ = {isa = PBXBuildFile; fileRef = 6066A9991CB7DDA10059CAC7 /* UtilHandleRLMObject.swift */; };
		607165521CB3D28A000BCAF5 /* AvailableApnListViewController.swift in Sources */ = {isa = PBXBuildFile; fileRef = 607165511CB3D28A000BCAF5 /* AvailableApnListViewController.swift */; };
		6082F1B51D536843000B59EA /* configrationProfile.html in Resources */ = {isa = PBXBuildFile; fileRef = 6082F1B31D536843000B59EA /* configrationProfile.html */; };
		6082F1B61D536843000B59EA /* index.html in Resources */ = {isa = PBXBuildFile; fileRef = 6082F1B41D536843000B59EA /* index.html */; };
		6082F1B81D536B53000B59EA /* UtilCocoaHTTPServer.swift in Sources */ = {isa = PBXBuildFile; fileRef = 6082F1B71D536B53000B59EA /* UtilCocoaHTTPServer.swift */; };
		6085D66B1D6EC46D008FF20A /* ic_favorite_shortcut.png in Resources */ = {isa = PBXBuildFile; fileRef = 6085D6691D6EC46D008FF20A /* ic_favorite_shortcut.png */; };
		6085D66C1D6EC46D008FF20A /* ic_list_shortcut.png in Resources */ = {isa = PBXBuildFile; fileRef = 6085D66A1D6EC46D008FF20A /* ic_list_shortcut.png */; };
		6085D6721D6F012B008FF20A /* ApnListViewController+Previewing.swift in Sources */ = {isa = PBXBuildFile; fileRef = 6085D6711D6F012B008FF20A /* ApnListViewController+Previewing.swift */; };
		6085D6741D6F1597008FF20A /* UtilShareAction.swift in Sources */ = {isa = PBXBuildFile; fileRef = 6085D6731D6F1597008FF20A /* UtilShareAction.swift */; };
		60AA73A61C9BA3DD00E41CAE /* Settings.bundle in Resources */ = {isa = PBXBuildFile; fileRef = 60AA73A51C9BA3DD00E41CAE /* Settings.bundle */; };
		60BEE4F71CA38EA7005B86B9 /* FavoriteApnListViewController.swift in Sources */ = {isa = PBXBuildFile; fileRef = 60BEE4F61CA38EA7005B86B9 /* FavoriteApnListViewController.swift */; };
		60BEE4FF1CA3E185005B86B9 /* InfoPlist.strings in Resources */ = {isa = PBXBuildFile; fileRef = 60BEE5011CA3E185005B86B9 /* InfoPlist.strings */; };
		60BEE5051CA3E1A4005B86B9 /* Localizable.strings in Resources */ = {isa = PBXBuildFile; fileRef = 60BEE5071CA3E1A4005B86B9 /* Localizable.strings */; };
		60BEE50E1CA4003F005B86B9 /* TextFieldCell.swift in Sources */ = {isa = PBXBuildFile; fileRef = 60BEE50D1CA4003F005B86B9 /* TextFieldCell.swift */; };
		60BEE5101CA40061005B86B9 /* UISwitchCell.swift in Sources */ = {isa = PBXBuildFile; fileRef = 60BEE50F1CA40061005B86B9 /* UISwitchCell.swift */; };
		60BEE5121CA4009E005B86B9 /* UISwitchCell.xib in Resources */ = {isa = PBXBuildFile; fileRef = 60BEE5111CA4009E005B86B9 /* UISwitchCell.xib */; };
		60BEE5141CA400AB005B86B9 /* TextFieldCell.xib in Resources */ = {isa = PBXBuildFile; fileRef = 60BEE5131CA400AB005B86B9 /* TextFieldCell.xib */; };
		60DC0F0C1D6E8ADE00A4DD29 /* UtilShortcutLaunch.swift in Sources */ = {isa = PBXBuildFile; fileRef = 60DC0F0B1D6E8ADE00A4DD29 /* UtilShortcutLaunch.swift */; };
		60DC0F0E1D6E94FB00A4DD29 /* MainTabBarController.swift in Sources */ = {isa = PBXBuildFile; fileRef = 60DC0F0D1D6E94FB00A4DD29 /* MainTabBarController.swift */; };
		6D58EEFAC160010639AC0280 /* libPods-APNAssistant.a in Frameworks */ = {isa = PBXBuildFile; fileRef = E669FD92FF0BDF64AF2B64E4 /* libPods-APNAssistant.a */; };
		8BF30B2599D15B5528682378 /* libPods-APNAssistant.a in Frameworks */ = {isa = PBXBuildFile; fileRef = 18E70AFA6266B1CDC89A4A1F /* libPods-APNAssistant.a */; };
		96007FB41D963A02000FAE04 /* UtilAppStatus.swift in Sources */ = {isa = PBXBuildFile; fileRef = 96007FB31D963A02000FAE04 /* UtilAppStatus.swift */; };
		9618C8C51D92D1F8008B25F3 /* ProgressIndicatorView.swift in Sources */ = {isa = PBXBuildFile; fileRef = 9618C8C41D92D1F8008B25F3 /* ProgressIndicatorView.swift */; };
		9618C8C71D92D21C008B25F3 /* ProgressIndicatorView.xib in Resources */ = {isa = PBXBuildFile; fileRef = 9618C8C61D92D21C008B25F3 /* ProgressIndicatorView.xib */; };
		9651C2131D9B938A008A4A9D /* InfoPlist.strings in Resources */ = {isa = PBXBuildFile; fileRef = 9651C2151D9B938A008A4A9D /* InfoPlist.strings */; };
		9651C21E1D9BA27C008A4A9D /* configrationProfile.html in Resources */ = {isa = PBXBuildFile; fileRef = 9651C21C1D9BA27C008A4A9D /* configrationProfile.html */; };
		9651C21F1D9BA27C008A4A9D /* index.html in Resources */ = {isa = PBXBuildFile; fileRef = 9651C21D1D9BA27C008A4A9D /* index.html */; };
		9651C2201D9BCA7B008A4A9D /* UtilAlertSheet.swift in Sources */ = {isa = PBXBuildFile; fileRef = F0A74DCC1D9BBD3E009D799E /* UtilAlertSheet.swift */; };
		96A1EF6F1D9304BE005EEA31 /* AboutThisAppViewController.swift in Sources */ = {isa = PBXBuildFile; fileRef = 96A1EF6E1D9304BE005EEA31 /* AboutThisAppViewController.swift */; };
		96DA6BF61C9B03FD00E424D5 /* AppDelegate.swift in Sources */ = {isa = PBXBuildFile; fileRef = 96DA6BF51C9B03FD00E424D5 /* AppDelegate.swift */; };
		96DA6BFD1C9B03FD00E424D5 /* Main.storyboard in Resources */ = {isa = PBXBuildFile; fileRef = 96DA6BFB1C9B03FD00E424D5 /* Main.storyboard */; };
		96DA6BFF1C9B03FD00E424D5 /* Assets.xcassets in Resources */ = {isa = PBXBuildFile; fileRef = 96DA6BFE1C9B03FD00E424D5 /* Assets.xcassets */; };
		96DA6C021C9B03FD00E424D5 /* LaunchScreen.storyboard in Resources */ = {isa = PBXBuildFile; fileRef = 96DA6C001C9B03FD00E424D5 /* LaunchScreen.storyboard */; };
		96DA6C0D1C9B03FE00E424D5 /* APNAssistantTests.swift in Sources */ = {isa = PBXBuildFile; fileRef = 96DA6C0C1C9B03FE00E424D5 /* APNAssistantTests.swift */; };
		96DA6C181C9B03FE00E424D5 /* APNAssistantUITests.swift in Sources */ = {isa = PBXBuildFile; fileRef = 96DA6C171C9B03FE00E424D5 /* APNAssistantUITests.swift */; };
		E182F50CC564D716129F4139 /* libPods-TodayWidget.a in Frameworks */ = {isa = PBXBuildFile; fileRef = 4F87BBFC466205CB7A5385AC /* libPods-TodayWidget.a */; };
		F009F3971D6006A000D428D6 /* NotificationCenter.framework in Frameworks */ = {isa = PBXBuildFile; fileRef = F009F3961D6006A000D428D6 /* NotificationCenter.framework */; };
		F009F39A1D6006A100D428D6 /* TodayViewController.swift in Sources */ = {isa = PBXBuildFile; fileRef = F009F3991D6006A100D428D6 /* TodayViewController.swift */; };
		F009F39D1D6006A100D428D6 /* MainInterface.storyboard in Resources */ = {isa = PBXBuildFile; fileRef = F009F39B1D6006A100D428D6 /* MainInterface.storyboard */; };
		F009F3A11D6006A100D428D6 /* TodayWidget.appex in Embed App Extensions */ = {isa = PBXBuildFile; fileRef = F009F3951D6006A000D428D6 /* TodayWidget.appex */; settings = {ATTRIBUTES = (RemoveHeadersOnCopy, ); }; };
		F009F3AA1D600AE700D428D6 /* ApnProfileObject.swift in Sources */ = {isa = PBXBuildFile; fileRef = F009F3A81D600AE700D428D6 /* ApnProfileObject.swift */; };
		F009F3AB1D600AE700D428D6 /* ApnSummaryObject.swift in Sources */ = {isa = PBXBuildFile; fileRef = F009F3A91D600AE700D428D6 /* ApnSummaryObject.swift */; };
		F009F3AC1D600D2600D428D6 /* Localizable.strings in Resources */ = {isa = PBXBuildFile; fileRef = 60BEE5071CA3E1A4005B86B9 /* Localizable.strings */; };
		F02DA0F81D997944007F6C93 /* SegmentedCtrlCell.swift in Sources */ = {isa = PBXBuildFile; fileRef = 602A462F1D65483A00ED22D6 /* SegmentedCtrlCell.swift */; };
		F02DA0F91D997944007F6C93 /* UtilAppStatus.swift in Sources */ = {isa = PBXBuildFile; fileRef = 96007FB31D963A02000FAE04 /* UtilAppStatus.swift */; };
		F02DA0FA1D997944007F6C93 /* UtilShareAction.swift in Sources */ = {isa = PBXBuildFile; fileRef = 6085D6731D6F1597008FF20A /* UtilShareAction.swift */; };
		F02DA0FB1D997944007F6C93 /* AppDelegate.swift in Sources */ = {isa = PBXBuildFile; fileRef = 96DA6BF51C9B03FD00E424D5 /* AppDelegate.swift */; };
		F02DA0FC1D997944007F6C93 /* MainTabBarController.swift in Sources */ = {isa = PBXBuildFile; fileRef = 60DC0F0D1D6E94FB00A4DD29 /* MainTabBarController.swift */; };
		F02DA0FD1D997944007F6C93 /* UtilHandleRLMObject.swift in Sources */ = {isa = PBXBuildFile; fileRef = 6066A9991CB7DDA10059CAC7 /* UtilHandleRLMObject.swift */; };
		F02DA0FF1D997944007F6C93 /* ApnListViewController.swift in Sources */ = {isa = PBXBuildFile; fileRef = 60224E0D1CA0E34D00AFB201 /* ApnListViewController.swift */; };
		F02DA1001D997944007F6C93 /* ApnProfileObject.swift in Sources */ = {isa = PBXBuildFile; fileRef = F009F3A81D600AE700D428D6 /* ApnProfileObject.swift */; };
		F02DA1031D997944007F6C93 /* AboutThisAppViewController.swift in Sources */ = {isa = PBXBuildFile; fileRef = 96A1EF6E1D9304BE005EEA31 /* AboutThisAppViewController.swift */; };
		F02DA1041D997944007F6C93 /* ApnListViewController+Previewing.swift in Sources */ = {isa = PBXBuildFile; fileRef = 6085D6711D6F012B008FF20A /* ApnListViewController+Previewing.swift */; };
		F02DA1051D997944007F6C93 /* FavoriteApnListViewController.swift in Sources */ = {isa = PBXBuildFile; fileRef = 60BEE4F61CA38EA7005B86B9 /* FavoriteApnListViewController.swift */; };
		F02DA1061D997944007F6C93 /* ApnSummaryObject.swift in Sources */ = {isa = PBXBuildFile; fileRef = F009F3A91D600AE700D428D6 /* ApnSummaryObject.swift */; };
		F02DA1071D997944007F6C93 /* ProgressIndicatorView.swift in Sources */ = {isa = PBXBuildFile; fileRef = 9618C8C41D92D1F8008B25F3 /* ProgressIndicatorView.swift */; };
		F02DA1081D997944007F6C93 /* UISwitchCell.swift in Sources */ = {isa = PBXBuildFile; fileRef = 60BEE50F1CA40061005B86B9 /* UISwitchCell.swift */; };
		F02DA1091D997944007F6C93 /* TextFieldCell.swift in Sources */ = {isa = PBXBuildFile; fileRef = 60BEE50D1CA4003F005B86B9 /* TextFieldCell.swift */; };
		F02DA10A1D997944007F6C93 /* AvailableApnListViewController.swift in Sources */ = {isa = PBXBuildFile; fileRef = 607165511CB3D28A000BCAF5 /* AvailableApnListViewController.swift */; };
		F02DA10B1D997944007F6C93 /* UtilShortcutLaunch.swift in Sources */ = {isa = PBXBuildFile; fileRef = 60DC0F0B1D6E8ADE00A4DD29 /* UtilShortcutLaunch.swift */; };
		F02DA10D1D997944007F6C93 /* EditApnViewController.swift in Sources */ = {isa = PBXBuildFile; fileRef = 60224E0B1CA0E32200AFB201 /* EditApnViewController.swift */; };
		F02DA10E1D997944007F6C93 /* UtilCocoaHTTPServer.swift in Sources */ = {isa = PBXBuildFile; fileRef = 6082F1B71D536B53000B59EA /* UtilCocoaHTTPServer.swift */; };
		F02DA10F1D997944007F6C93 /* DetailApnViewController.swift in Sources */ = {isa = PBXBuildFile; fileRef = 602211F61CC7395B0065D37D /* DetailApnViewController.swift */; };
		F02DA1131D997944007F6C93 /* Settings.bundle in Resources */ = {isa = PBXBuildFile; fileRef = 60AA73A51C9BA3DD00E41CAE /* Settings.bundle */; };
		F02DA1141D997944007F6C93 /* Localizable.strings in Resources */ = {isa = PBXBuildFile; fileRef = 60BEE5071CA3E1A4005B86B9 /* Localizable.strings */; };
		F02DA1161D997944007F6C93 /* LaunchScreen.storyboard in Resources */ = {isa = PBXBuildFile; fileRef = 96DA6C001C9B03FD00E424D5 /* LaunchScreen.storyboard */; };
		F02DA1181D997944007F6C93 /* SegmentedCtrlCell.xib in Resources */ = {isa = PBXBuildFile; fileRef = 602A46301D65483A00ED22D6 /* SegmentedCtrlCell.xib */; };
		F02DA1191D997944007F6C93 /* TextFieldCell.xib in Resources */ = {isa = PBXBuildFile; fileRef = 60BEE5131CA400AB005B86B9 /* TextFieldCell.xib */; };
		F02DA11A1D997944007F6C93 /* ic_list_shortcut.png in Resources */ = {isa = PBXBuildFile; fileRef = 6085D66A1D6EC46D008FF20A /* ic_list_shortcut.png */; };
		F02DA11B1D997944007F6C93 /* ic_favorite_shortcut.png in Resources */ = {isa = PBXBuildFile; fileRef = 6085D6691D6EC46D008FF20A /* ic_favorite_shortcut.png */; };
		F02DA11C1D997944007F6C93 /* ProgressIndicatorView.xib in Resources */ = {isa = PBXBuildFile; fileRef = 9618C8C61D92D21C008B25F3 /* ProgressIndicatorView.xib */; };
		F02DA11E1D997944007F6C93 /* Assets.xcassets in Resources */ = {isa = PBXBuildFile; fileRef = 96DA6BFE1C9B03FD00E424D5 /* Assets.xcassets */; };
		F02DA11F1D997944007F6C93 /* UISwitchCell.xib in Resources */ = {isa = PBXBuildFile; fileRef = 60BEE5111CA4009E005B86B9 /* UISwitchCell.xib */; };
		F02DA1201D997944007F6C93 /* Main.storyboard in Resources */ = {isa = PBXBuildFile; fileRef = 96DA6BFB1C9B03FD00E424D5 /* Main.storyboard */; };
		F0A74DCD1D9BBD3E009D799E /* UtilAlertSheet.swift in Sources */ = {isa = PBXBuildFile; fileRef = F0A74DCC1D9BBD3E009D799E /* UtilAlertSheet.swift */; };
/* End PBXBuildFile section */

/* Begin PBXContainerItemProxy section */
		96DA6C091C9B03FE00E424D5 /* PBXContainerItemProxy */ = {
			isa = PBXContainerItemProxy;
			containerPortal = 96DA6BEA1C9B03FD00E424D5 /* Project object */;
			proxyType = 1;
			remoteGlobalIDString = 96DA6BF11C9B03FD00E424D5;
			remoteInfo = APNAssistant;
		};
		96DA6C141C9B03FE00E424D5 /* PBXContainerItemProxy */ = {
			isa = PBXContainerItemProxy;
			containerPortal = 96DA6BEA1C9B03FD00E424D5 /* Project object */;
			proxyType = 1;
			remoteGlobalIDString = 96DA6BF11C9B03FD00E424D5;
			remoteInfo = APNAssistant;
		};
		F009F39F1D6006A100D428D6 /* PBXContainerItemProxy */ = {
			isa = PBXContainerItemProxy;
			containerPortal = 96DA6BEA1C9B03FD00E424D5 /* Project object */;
			proxyType = 1;
			remoteGlobalIDString = F009F3941D6006A000D428D6;
			remoteInfo = TodayWidget;
		};
/* End PBXContainerItemProxy section */

/* Begin PBXCopyFilesBuildPhase section */
		F009F3A51D6006A100D428D6 /* Embed App Extensions */ = {
			isa = PBXCopyFilesBuildPhase;
			buildActionMask = 2147483647;
			dstPath = "";
			dstSubfolderSpec = 13;
			files = (
				F009F3A11D6006A100D428D6 /* TodayWidget.appex in Embed App Extensions */,
			);
			name = "Embed App Extensions";
			runOnlyForDeploymentPostprocessing = 0;
		};
/* End PBXCopyFilesBuildPhase section */

/* Begin PBXFileReference section */
		0C7066E1C528D83FA6C95E5F /* libPods-ApnMemo.a */ = {isa = PBXFileReference; explicitFileType = archive.ar; includeInIndex = 0; path = "libPods-ApnMemo.a"; sourceTree = BUILT_PRODUCTS_DIR; };
		128B0E72D54F7296BFA4B211 /* libPods-APNAssistantLite.a */ = {isa = PBXFileReference; explicitFileType = archive.ar; includeInIndex = 0; path = "libPods-APNAssistantLite.a"; sourceTree = BUILT_PRODUCTS_DIR; };
		18E70AFA6266B1CDC89A4A1F /* libPods-APNAssistant.a */ = {isa = PBXFileReference; explicitFileType = archive.ar; includeInIndex = 0; path = "libPods-APNAssistant.a"; sourceTree = BUILT_PRODUCTS_DIR; };
		2D9CFEFEB8283B622418507E /* Pods-APNAssistant.debug.xcconfig */ = {isa = PBXFileReference; includeInIndex = 1; lastKnownFileType = text.xcconfig; name = "Pods-APNAssistant.debug.xcconfig"; path = "Pods/Target Support Files/Pods-APNAssistant/Pods-APNAssistant.debug.xcconfig"; sourceTree = "<group>"; };
		2FFE7029252220A93A87E3CF /* Pods-TodayWidget.release.xcconfig */ = {isa = PBXFileReference; includeInIndex = 1; lastKnownFileType = text.xcconfig; name = "Pods-TodayWidget.release.xcconfig"; path = "Pods/Target Support Files/Pods-TodayWidget/Pods-TodayWidget.release.xcconfig"; sourceTree = "<group>"; };
		4F796CFFB7E95A2EE67CFB78 /* Pods-TodayWidget.debug.xcconfig */ = {isa = PBXFileReference; includeInIndex = 1; lastKnownFileType = text.xcconfig; name = "Pods-TodayWidget.debug.xcconfig"; path = "Pods/Target Support Files/Pods-TodayWidget/Pods-TodayWidget.debug.xcconfig"; sourceTree = "<group>"; };
		4F87BBFC466205CB7A5385AC /* libPods-TodayWidget.a */ = {isa = PBXFileReference; explicitFileType = archive.ar; includeInIndex = 0; path = "libPods-TodayWidget.a"; sourceTree = BUILT_PRODUCTS_DIR; };
		600F95681DA2317E00045495 /* MsgNoDataView.swift */ = {isa = PBXFileReference; fileEncoding = 4; lastKnownFileType = sourcecode.swift; path = MsgNoDataView.swift; sourceTree = "<group>"; };
		600F956A1DA231A200045495 /* MsgNoDataView.xib */ = {isa = PBXFileReference; fileEncoding = 4; lastKnownFileType = file.xib; path = MsgNoDataView.xib; sourceTree = "<group>"; };
		602211F61CC7395B0065D37D /* DetailApnViewController.swift */ = {isa = PBXFileReference; fileEncoding = 4; lastKnownFileType = sourcecode.swift; path = DetailApnViewController.swift; sourceTree = "<group>"; };
		60224E0B1CA0E32200AFB201 /* EditApnViewController.swift */ = {isa = PBXFileReference; fileEncoding = 4; lastKnownFileType = sourcecode.swift; path = EditApnViewController.swift; sourceTree = "<group>"; };
		60224E0D1CA0E34D00AFB201 /* ApnListViewController.swift */ = {isa = PBXFileReference; fileEncoding = 4; lastKnownFileType = sourcecode.swift; path = ApnListViewController.swift; sourceTree = "<group>"; };
		602A462C1D65377000ED22D6 /* ja */ = {isa = PBXFileReference; lastKnownFileType = text.plist.strings; name = ja; path = ja.lproj/InfoPlist.strings; sourceTree = "<group>"; };
		602A462E1D65379100ED22D6 /* Base */ = {isa = PBXFileReference; lastKnownFileType = text.plist.strings; name = Base; path = Base.lproj/InfoPlist.strings; sourceTree = "<group>"; };
		602A462F1D65483A00ED22D6 /* SegmentedCtrlCell.swift */ = {isa = PBXFileReference; fileEncoding = 4; lastKnownFileType = sourcecode.swift; path = SegmentedCtrlCell.swift; sourceTree = "<group>"; };
		602A46301D65483A00ED22D6 /* SegmentedCtrlCell.xib */ = {isa = PBXFileReference; fileEncoding = 4; lastKnownFileType = file.xib; path = SegmentedCtrlCell.xib; sourceTree = "<group>"; };
		60301DC31E03C8D20013B26A /* AvailableCountriesHelper.swift */ = {isa = PBXFileReference; fileEncoding = 4; lastKnownFileType = sourcecode.swift; path = AvailableCountriesHelper.swift; sourceTree = "<group>"; };
		60301DC51E03C94C0013B26A /* AvailableProfileHelper.swift */ = {isa = PBXFileReference; fileEncoding = 4; lastKnownFileType = sourcecode.swift; path = AvailableProfileHelper.swift; sourceTree = "<group>"; };
		60301DC71E03CA340013B26A /* UtilFileManager.swift */ = {isa = PBXFileReference; fileEncoding = 4; lastKnownFileType = sourcecode.swift; path = UtilFileManager.swift; sourceTree = "<group>"; };
		6052A1911D63E2E500A3B8CE /* TodayWidget-Bridging-Header.h */ = {isa = PBXFileReference; lastKnownFileType = sourcecode.c.h; path = "TodayWidget-Bridging-Header.h"; sourceTree = "<group>"; };
		6066A9991CB7DDA10059CAC7 /* UtilHandleRLMObject.swift */ = {isa = PBXFileReference; fileEncoding = 4; lastKnownFileType = sourcecode.swift; path = UtilHandleRLMObject.swift; sourceTree = "<group>"; };
		607165511CB3D28A000BCAF5 /* AvailableApnListViewController.swift */ = {isa = PBXFileReference; fileEncoding = 4; lastKnownFileType = sourcecode.swift; path = AvailableApnListViewController.swift; sourceTree = "<group>"; };
		6082F1B31D536843000B59EA /* configrationProfile.html */ = {isa = PBXFileReference; fileEncoding = 4; lastKnownFileType = text.html; path = configrationProfile.html; sourceTree = "<group>"; };
		6082F1B41D536843000B59EA /* index.html */ = {isa = PBXFileReference; fileEncoding = 4; lastKnownFileType = text.html; path = index.html; sourceTree = "<group>"; };
		6082F1B71D536B53000B59EA /* UtilCocoaHTTPServer.swift */ = {isa = PBXFileReference; fileEncoding = 4; lastKnownFileType = sourcecode.swift; path = UtilCocoaHTTPServer.swift; sourceTree = "<group>"; };
		6085D6691D6EC46D008FF20A /* ic_favorite_shortcut.png */ = {isa = PBXFileReference; lastKnownFileType = image.png; path = ic_favorite_shortcut.png; sourceTree = "<group>"; };
		6085D66A1D6EC46D008FF20A /* ic_list_shortcut.png */ = {isa = PBXFileReference; lastKnownFileType = image.png; path = ic_list_shortcut.png; sourceTree = "<group>"; };
		6085D6711D6F012B008FF20A /* ApnListViewController+Previewing.swift */ = {isa = PBXFileReference; fileEncoding = 4; lastKnownFileType = sourcecode.swift; path = "ApnListViewController+Previewing.swift"; sourceTree = "<group>"; };
		6085D6731D6F1597008FF20A /* UtilShareAction.swift */ = {isa = PBXFileReference; fileEncoding = 4; lastKnownFileType = sourcecode.swift; path = UtilShareAction.swift; sourceTree = "<group>"; };
		60AA73A51C9BA3DD00E41CAE /* Settings.bundle */ = {isa = PBXFileReference; lastKnownFileType = "wrapper.plug-in"; path = Settings.bundle; sourceTree = "<group>"; };
		60AA73A81C9BA77C00E41CAE /* APNAssistant-Bridging-Header.h */ = {isa = PBXFileReference; lastKnownFileType = sourcecode.c.h; path = "APNAssistant-Bridging-Header.h"; sourceTree = "<group>"; };
		60BEE4F61CA38EA7005B86B9 /* FavoriteApnListViewController.swift */ = {isa = PBXFileReference; fileEncoding = 4; lastKnownFileType = sourcecode.swift; path = FavoriteApnListViewController.swift; sourceTree = "<group>"; };
		60BEE4FB1CA3E0EE005B86B9 /* ja */ = {isa = PBXFileReference; lastKnownFileType = text.plist.strings; name = ja; path = ja.lproj/Main.strings; sourceTree = "<group>"; };
		60BEE4FC1CA3E0EF005B86B9 /* ja */ = {isa = PBXFileReference; lastKnownFileType = text.plist.strings; name = ja; path = ja.lproj/LaunchScreen.strings; sourceTree = "<group>"; };
		60BEE5001CA3E185005B86B9 /* Base */ = {isa = PBXFileReference; lastKnownFileType = text.plist.strings; name = Base; path = Base.lproj/InfoPlist.strings; sourceTree = "<group>"; };
		60BEE5021CA3E187005B86B9 /* ja */ = {isa = PBXFileReference; lastKnownFileType = text.plist.strings; name = ja; path = ja.lproj/InfoPlist.strings; sourceTree = "<group>"; };
		60BEE5061CA3E1A4005B86B9 /* Base */ = {isa = PBXFileReference; lastKnownFileType = text.plist.strings; name = Base; path = Base.lproj/Localizable.strings; sourceTree = "<group>"; };
		60BEE5081CA3E1A6005B86B9 /* ja */ = {isa = PBXFileReference; lastKnownFileType = text.plist.strings; name = ja; path = ja.lproj/Localizable.strings; sourceTree = "<group>"; };
		60BEE50D1CA4003F005B86B9 /* TextFieldCell.swift */ = {isa = PBXFileReference; fileEncoding = 4; lastKnownFileType = sourcecode.swift; path = TextFieldCell.swift; sourceTree = "<group>"; };
		60BEE50F1CA40061005B86B9 /* UISwitchCell.swift */ = {isa = PBXFileReference; fileEncoding = 4; lastKnownFileType = sourcecode.swift; path = UISwitchCell.swift; sourceTree = "<group>"; };
		60BEE5111CA4009E005B86B9 /* UISwitchCell.xib */ = {isa = PBXFileReference; fileEncoding = 4; lastKnownFileType = file.xib; path = UISwitchCell.xib; sourceTree = "<group>"; };
		60BEE5131CA400AB005B86B9 /* TextFieldCell.xib */ = {isa = PBXFileReference; fileEncoding = 4; lastKnownFileType = file.xib; path = TextFieldCell.xib; sourceTree = "<group>"; };
		60DC0F0B1D6E8ADE00A4DD29 /* UtilShortcutLaunch.swift */ = {isa = PBXFileReference; fileEncoding = 4; lastKnownFileType = sourcecode.swift; path = UtilShortcutLaunch.swift; sourceTree = "<group>"; };
		60DC0F0D1D6E94FB00A4DD29 /* MainTabBarController.swift */ = {isa = PBXFileReference; fileEncoding = 4; lastKnownFileType = sourcecode.swift; path = MainTabBarController.swift; sourceTree = "<group>"; };
		6A78525D0FE48CB6F5F6435F /* libPods-ApnBookmarks.a */ = {isa = PBXFileReference; explicitFileType = archive.ar; includeInIndex = 0; path = "libPods-ApnBookmarks.a"; sourceTree = BUILT_PRODUCTS_DIR; };
		82086984B027390E9C7FD7A4 /* libPods.a */ = {isa = PBXFileReference; explicitFileType = archive.ar; includeInIndex = 0; path = libPods.a; sourceTree = BUILT_PRODUCTS_DIR; };
		84D32C0BC91843370CFD7DA5 /* Pods-APNAssistant.release.xcconfig */ = {isa = PBXFileReference; includeInIndex = 1; lastKnownFileType = text.xcconfig; name = "Pods-APNAssistant.release.xcconfig"; path = "Pods/Target Support Files/Pods-APNAssistant/Pods-APNAssistant.release.xcconfig"; sourceTree = "<group>"; };
		91DC163925F165B50CB55BA8 /* Pods-APNAssistant.release.xcconfig */ = {isa = PBXFileReference; includeInIndex = 1; lastKnownFileType = text.xcconfig; name = "Pods-APNAssistant.release.xcconfig"; path = "Pods/Target Support Files/Pods-APNAssistant/Pods-APNAssistant.release.xcconfig"; sourceTree = "<group>"; };
		96007FB31D963A02000FAE04 /* UtilAppStatus.swift */ = {isa = PBXFileReference; fileEncoding = 4; lastKnownFileType = sourcecode.swift; path = UtilAppStatus.swift; sourceTree = "<group>"; };
		9618C8C41D92D1F8008B25F3 /* ProgressIndicatorView.swift */ = {isa = PBXFileReference; fileEncoding = 4; lastKnownFileType = sourcecode.swift; path = ProgressIndicatorView.swift; sourceTree = "<group>"; };
		9618C8C61D92D21C008B25F3 /* ProgressIndicatorView.xib */ = {isa = PBXFileReference; fileEncoding = 4; lastKnownFileType = file.xib; path = ProgressIndicatorView.xib; sourceTree = "<group>"; };
		9651C2141D9B938A008A4A9D /* Base */ = {isa = PBXFileReference; lastKnownFileType = text.plist.strings; name = Base; path = Base.lproj/InfoPlist.strings; sourceTree = "<group>"; };
		9651C2161D9B9393008A4A9D /* ja */ = {isa = PBXFileReference; lastKnownFileType = text.plist.strings; name = ja; path = ja.lproj/InfoPlist.strings; sourceTree = "<group>"; };
		9651C21C1D9BA27C008A4A9D /* configrationProfile.html */ = {isa = PBXFileReference; fileEncoding = 4; lastKnownFileType = text.html; path = configrationProfile.html; sourceTree = "<group>"; };
		9651C21D1D9BA27C008A4A9D /* index.html */ = {isa = PBXFileReference; fileEncoding = 4; lastKnownFileType = text.html; path = index.html; sourceTree = "<group>"; };
		96A1EF6E1D9304BE005EEA31 /* AboutThisAppViewController.swift */ = {isa = PBXFileReference; fileEncoding = 4; lastKnownFileType = sourcecode.swift; path = AboutThisAppViewController.swift; sourceTree = "<group>"; };
		96DA6BF21C9B03FD00E424D5 /* APNAssistant.app */ = {isa = PBXFileReference; explicitFileType = wrapper.application; includeInIndex = 0; path = APNAssistant.app; sourceTree = BUILT_PRODUCTS_DIR; };
		96DA6BF51C9B03FD00E424D5 /* AppDelegate.swift */ = {isa = PBXFileReference; lastKnownFileType = sourcecode.swift; path = AppDelegate.swift; sourceTree = "<group>"; };
		96DA6BFC1C9B03FD00E424D5 /* Base */ = {isa = PBXFileReference; lastKnownFileType = file.storyboard; name = Base; path = Base.lproj/Main.storyboard; sourceTree = "<group>"; };
		96DA6BFE1C9B03FD00E424D5 /* Assets.xcassets */ = {isa = PBXFileReference; lastKnownFileType = folder.assetcatalog; path = Assets.xcassets; sourceTree = "<group>"; };
		96DA6C011C9B03FD00E424D5 /* Base */ = {isa = PBXFileReference; lastKnownFileType = file.storyboard; name = Base; path = Base.lproj/LaunchScreen.storyboard; sourceTree = "<group>"; };
		96DA6C031C9B03FD00E424D5 /* Info.plist */ = {isa = PBXFileReference; lastKnownFileType = text.plist.xml; path = Info.plist; sourceTree = "<group>"; };
		96DA6C081C9B03FE00E424D5 /* APNAssistantTests.xctest */ = {isa = PBXFileReference; explicitFileType = wrapper.cfbundle; includeInIndex = 0; path = APNAssistantTests.xctest; sourceTree = BUILT_PRODUCTS_DIR; };
		96DA6C0C1C9B03FE00E424D5 /* APNAssistantTests.swift */ = {isa = PBXFileReference; lastKnownFileType = sourcecode.swift; path = APNAssistantTests.swift; sourceTree = "<group>"; };
		96DA6C0E1C9B03FE00E424D5 /* Info.plist */ = {isa = PBXFileReference; lastKnownFileType = text.plist.xml; path = Info.plist; sourceTree = "<group>"; };
		96DA6C131C9B03FE00E424D5 /* APNAssistantUITests.xctest */ = {isa = PBXFileReference; explicitFileType = wrapper.cfbundle; includeInIndex = 0; path = APNAssistantUITests.xctest; sourceTree = BUILT_PRODUCTS_DIR; };
		96DA6C171C9B03FE00E424D5 /* APNAssistantUITests.swift */ = {isa = PBXFileReference; lastKnownFileType = sourcecode.swift; path = APNAssistantUITests.swift; sourceTree = "<group>"; };
		96DA6C191C9B03FE00E424D5 /* Info.plist */ = {isa = PBXFileReference; lastKnownFileType = text.plist.xml; path = Info.plist; sourceTree = "<group>"; };
		C0F77DB63DFB28631659C55F /* Pods-APNAssistant.debug.xcconfig */ = {isa = PBXFileReference; includeInIndex = 1; lastKnownFileType = text.xcconfig; name = "Pods-APNAssistant.debug.xcconfig"; path = "Pods/Target Support Files/Pods-APNAssistant/Pods-APNAssistant.debug.xcconfig"; sourceTree = "<group>"; };
		E5EAEE1911DDC17E20A8B1FC /* Pods-APNAssistantLite.release.xcconfig */ = {isa = PBXFileReference; includeInIndex = 1; lastKnownFileType = text.xcconfig; name = "Pods-APNAssistantLite.release.xcconfig"; path = "Pods/Target Support Files/Pods-APNAssistantLite/Pods-APNAssistantLite.release.xcconfig"; sourceTree = "<group>"; };
		E669FD92FF0BDF64AF2B64E4 /* libPods-APNAssistant.a */ = {isa = PBXFileReference; explicitFileType = archive.ar; includeInIndex = 0; path = "libPods-APNAssistant.a"; sourceTree = BUILT_PRODUCTS_DIR; };
		F009F3951D6006A000D428D6 /* TodayWidget.appex */ = {isa = PBXFileReference; explicitFileType = "wrapper.app-extension"; includeInIndex = 0; path = TodayWidget.appex; sourceTree = BUILT_PRODUCTS_DIR; };
		F009F3961D6006A000D428D6 /* NotificationCenter.framework */ = {isa = PBXFileReference; lastKnownFileType = wrapper.framework; name = NotificationCenter.framework; path = System/Library/Frameworks/NotificationCenter.framework; sourceTree = SDKROOT; };
		F009F3991D6006A100D428D6 /* TodayViewController.swift */ = {isa = PBXFileReference; lastKnownFileType = sourcecode.swift; path = TodayViewController.swift; sourceTree = "<group>"; };
		F009F39C1D6006A100D428D6 /* Base */ = {isa = PBXFileReference; lastKnownFileType = file.storyboard; name = Base; path = Base.lproj/MainInterface.storyboard; sourceTree = "<group>"; };
		F009F39E1D6006A100D428D6 /* Info.plist */ = {isa = PBXFileReference; lastKnownFileType = text.plist.xml; path = Info.plist; sourceTree = "<group>"; };
		F009F3A61D60088A00D428D6 /* TodayWidget.entitlements */ = {isa = PBXFileReference; lastKnownFileType = text.xml; path = TodayWidget.entitlements; sourceTree = "<group>"; };
		F009F3A81D600AE700D428D6 /* ApnProfileObject.swift */ = {isa = PBXFileReference; fileEncoding = 4; lastKnownFileType = sourcecode.swift; path = ApnProfileObject.swift; sourceTree = "<group>"; };
		F009F3A91D600AE700D428D6 /* ApnSummaryObject.swift */ = {isa = PBXFileReference; fileEncoding = 4; lastKnownFileType = sourcecode.swift; path = ApnSummaryObject.swift; sourceTree = "<group>"; };
		F02DA12A1D997944007F6C93 /* APNAssistantLite.app */ = {isa = PBXFileReference; explicitFileType = wrapper.application; includeInIndex = 0; path = APNAssistantLite.app; sourceTree = BUILT_PRODUCTS_DIR; };
		F06AD47C1D5D859B007B0842 /* APNAssistant.entitlements */ = {isa = PBXFileReference; lastKnownFileType = text.xml; path = APNAssistant.entitlements; sourceTree = "<group>"; };
		F07BB2231DA0116200728B9D /* Info.plist */ = {isa = PBXFileReference; fileEncoding = 4; lastKnownFileType = text.plist.xml; path = Info.plist; sourceTree = "<group>"; };
		F0A74DCB1D9BBBE0009D799E /* ApnMemo.entitlements */ = {isa = PBXFileReference; lastKnownFileType = text.xml; path = ApnMemo.entitlements; sourceTree = "<group>"; };
		F0A74DCC1D9BBD3E009D799E /* UtilAlertSheet.swift */ = {isa = PBXFileReference; fileEncoding = 4; lastKnownFileType = sourcecode.swift; path = UtilAlertSheet.swift; sourceTree = "<group>"; };
		FFD5B00CD9A85C8C05AEC50B /* Pods-APNAssistantLite.debug.xcconfig */ = {isa = PBXFileReference; includeInIndex = 1; lastKnownFileType = text.xcconfig; name = "Pods-APNAssistantLite.debug.xcconfig"; path = "Pods/Target Support Files/Pods-APNAssistantLite/Pods-APNAssistantLite.debug.xcconfig"; sourceTree = "<group>"; };
/* End PBXFileReference section */

/* Begin PBXFrameworksBuildPhase section */
		96DA6BEF1C9B03FD00E424D5 /* Frameworks */ = {
			isa = PBXFrameworksBuildPhase;
			buildActionMask = 2147483647;
			files = (
				6D58EEFAC160010639AC0280 /* libPods-APNAssistant.a in Frameworks */,
				8BF30B2599D15B5528682378 /* libPods-APNAssistant.a in Frameworks */,
			);
			runOnlyForDeploymentPostprocessing = 0;
		};
		96DA6C051C9B03FE00E424D5 /* Frameworks */ = {
			isa = PBXFrameworksBuildPhase;
			buildActionMask = 2147483647;
			files = (
			);
			runOnlyForDeploymentPostprocessing = 0;
		};
		96DA6C101C9B03FE00E424D5 /* Frameworks */ = {
			isa = PBXFrameworksBuildPhase;
			buildActionMask = 2147483647;
			files = (
			);
			runOnlyForDeploymentPostprocessing = 0;
		};
		F009F3921D6006A000D428D6 /* Frameworks */ = {
			isa = PBXFrameworksBuildPhase;
			buildActionMask = 2147483647;
			files = (
				F009F3971D6006A000D428D6 /* NotificationCenter.framework in Frameworks */,
				E182F50CC564D716129F4139 /* libPods-TodayWidget.a in Frameworks */,
			);
			runOnlyForDeploymentPostprocessing = 0;
		};
		F02DA1101D997944007F6C93 /* Frameworks */ = {
			isa = PBXFrameworksBuildPhase;
			buildActionMask = 2147483647;
			files = (
				33BD8AE26A327F1D860E5BA1 /* libPods-APNAssistantLite.a in Frameworks */,
			);
			runOnlyForDeploymentPostprocessing = 0;
		};
/* End PBXFrameworksBuildPhase section */

/* Begin PBXGroup section */
		1DD471A10B4D9499B7C426C5 /* Pods */ = {
			isa = PBXGroup;
			children = (
				2D9CFEFEB8283B622418507E /* Pods-APNAssistant.debug.xcconfig */,
				84D32C0BC91843370CFD7DA5 /* Pods-APNAssistant.release.xcconfig */,
				4F796CFFB7E95A2EE67CFB78 /* Pods-TodayWidget.debug.xcconfig */,
				2FFE7029252220A93A87E3CF /* Pods-TodayWidget.release.xcconfig */,
				C0F77DB63DFB28631659C55F /* Pods-APNAssistant.debug.xcconfig */,
				91DC163925F165B50CB55BA8 /* Pods-APNAssistant.release.xcconfig */,
				FFD5B00CD9A85C8C05AEC50B /* Pods-APNAssistantLite.debug.xcconfig */,
				E5EAEE1911DDC17E20A8B1FC /* Pods-APNAssistantLite.release.xcconfig */,
			);
			name = Pods;
			sourceTree = "<group>";
		};
		60224E081CA0E2DB00AFB201 /* ViewControllers */ = {
			isa = PBXGroup;
			children = (
				60224E0B1CA0E32200AFB201 /* EditApnViewController.swift */,
				60224E0D1CA0E34D00AFB201 /* ApnListViewController.swift */,
				6085D6711D6F012B008FF20A /* ApnListViewController+Previewing.swift */,
				60BEE4F61CA38EA7005B86B9 /* FavoriteApnListViewController.swift */,
				607165511CB3D28A000BCAF5 /* AvailableApnListViewController.swift */,
				602211F61CC7395B0065D37D /* DetailApnViewController.swift */,
				60DC0F0D1D6E94FB00A4DD29 /* MainTabBarController.swift */,
				96A1EF6E1D9304BE005EEA31 /* AboutThisAppViewController.swift */,
			);
			path = ViewControllers;
			sourceTree = "<group>";
		};
		60301DC21E03C89E0013B26A /* Helpers */ = {
			isa = PBXGroup;
			children = (
				60301DC31E03C8D20013B26A /* AvailableCountriesHelper.swift */,
				60301DC51E03C94C0013B26A /* AvailableProfileHelper.swift */,
			);
			path = Helpers;
			sourceTree = "<group>";
		};
		6082F1B21D536843000B59EA /* htdocs */ = {
			isa = PBXGroup;
			children = (
				6082F1B31D536843000B59EA /* configrationProfile.html */,
				6082F1B41D536843000B59EA /* index.html */,
			);
			path = htdocs;
			sourceTree = "<group>";
		};
		60BEE4F81CA3C565005B86B9 /* Utilities */ = {
			isa = PBXGroup;
			children = (
				6066A9991CB7DDA10059CAC7 /* UtilHandleRLMObject.swift */,
				6082F1B71D536B53000B59EA /* UtilCocoaHTTPServer.swift */,
				60DC0F0B1D6E8ADE00A4DD29 /* UtilShortcutLaunch.swift */,
				6085D6731D6F1597008FF20A /* UtilShareAction.swift */,
				96007FB31D963A02000FAE04 /* UtilAppStatus.swift */,
				F0A74DCC1D9BBD3E009D799E /* UtilAlertSheet.swift */,
				60301DC71E03CA340013B26A /* UtilFileManager.swift */,
			);
			path = Utilities;
			sourceTree = "<group>";
		};
		60BEE50A1CA3FF42005B86B9 /* Views */ = {
			isa = PBXGroup;
			children = (
				60BEE50D1CA4003F005B86B9 /* TextFieldCell.swift */,
				60BEE50F1CA40061005B86B9 /* UISwitchCell.swift */,
				602A462F1D65483A00ED22D6 /* SegmentedCtrlCell.swift */,
				60BEE5111CA4009E005B86B9 /* UISwitchCell.xib */,
				60BEE5131CA400AB005B86B9 /* TextFieldCell.xib */,
				602A46301D65483A00ED22D6 /* SegmentedCtrlCell.xib */,
				9618C8C41D92D1F8008B25F3 /* ProgressIndicatorView.swift */,
				9618C8C61D92D21C008B25F3 /* ProgressIndicatorView.xib */,
				600F95681DA2317E00045495 /* MsgNoDataView.swift */,
				600F956A1DA231A200045495 /* MsgNoDataView.xib */,
			);
			path = Views;
			sourceTree = "<group>";
		};
		9651C20E1D9B9355008A4A9D /* ApnMemo */ = {
			isa = PBXGroup;
			children = (
				F07BB2231DA0116200728B9D /* Info.plist */,
				F0A74DCB1D9BBBE0009D799E /* ApnMemo.entitlements */,
				9651C21B1D9BA27C008A4A9D /* htdocs */,
				9651C2151D9B938A008A4A9D /* InfoPlist.strings */,
			);
			path = ApnMemo;
			sourceTree = "<group>";
		};
		9651C21B1D9BA27C008A4A9D /* htdocs */ = {
			isa = PBXGroup;
			children = (
				9651C21C1D9BA27C008A4A9D /* configrationProfile.html */,
				9651C21D1D9BA27C008A4A9D /* index.html */,
			);
			path = htdocs;
			sourceTree = "<group>";
		};
		96DA6BE91C9B03FD00E424D5 = {
			isa = PBXGroup;
			children = (
				96DA6BF41C9B03FD00E424D5 /* APNAssistant */,
				9651C20E1D9B9355008A4A9D /* ApnMemo */,
				96DA6C0B1C9B03FE00E424D5 /* APNAssistantTests */,
				96DA6C161C9B03FE00E424D5 /* APNAssistantUITests */,
				F009F3981D6006A100D428D6 /* TodayWidget */,
				96DA6BF31C9B03FD00E424D5 /* Products */,
				1DD471A10B4D9499B7C426C5 /* Pods */,
				ABEAB649DE6ACE49732DE041 /* Frameworks */,
			);
			sourceTree = "<group>";
		};
		96DA6BF31C9B03FD00E424D5 /* Products */ = {
			isa = PBXGroup;
			children = (
				96DA6BF21C9B03FD00E424D5 /* APNAssistant.app */,
				96DA6C081C9B03FE00E424D5 /* APNAssistantTests.xctest */,
				96DA6C131C9B03FE00E424D5 /* APNAssistantUITests.xctest */,
				F009F3951D6006A000D428D6 /* TodayWidget.appex */,
				F02DA12A1D997944007F6C93 /* APNAssistantLite.app */,
			);
			name = Products;
			sourceTree = "<group>";
		};
		96DA6BF41C9B03FD00E424D5 /* APNAssistant */ = {
			isa = PBXGroup;
			children = (
				60301DC21E03C89E0013B26A /* Helpers */,
				F009F3A71D600AE700D428D6 /* Models */,
				60BEE4F81CA3C565005B86B9 /* Utilities */,
				60BEE50A1CA3FF42005B86B9 /* Views */,
				60224E081CA0E2DB00AFB201 /* ViewControllers */,
				60AA73A51C9BA3DD00E41CAE /* Settings.bundle */,
				96DA6BF51C9B03FD00E424D5 /* AppDelegate.swift */,
				96DA6BFB1C9B03FD00E424D5 /* Main.storyboard */,
				96DA6BFE1C9B03FD00E424D5 /* Assets.xcassets */,
				96DA6C001C9B03FD00E424D5 /* LaunchScreen.storyboard */,
				96DA6C031C9B03FD00E424D5 /* Info.plist */,
				60AA73A81C9BA77C00E41CAE /* APNAssistant-Bridging-Header.h */,
				60BEE5011CA3E185005B86B9 /* InfoPlist.strings */,
				60BEE5071CA3E1A4005B86B9 /* Localizable.strings */,
				F06AD47C1D5D859B007B0842 /* APNAssistant.entitlements */,
				6082F1B21D536843000B59EA /* htdocs */,
				F045415E1D561F7800D4388C /* Resources */,
			);
			path = APNAssistant;
			sourceTree = "<group>";
		};
		96DA6C0B1C9B03FE00E424D5 /* APNAssistantTests */ = {
			isa = PBXGroup;
			children = (
				96DA6C0C1C9B03FE00E424D5 /* APNAssistantTests.swift */,
				96DA6C0E1C9B03FE00E424D5 /* Info.plist */,
			);
			path = APNAssistantTests;
			sourceTree = "<group>";
		};
		96DA6C161C9B03FE00E424D5 /* APNAssistantUITests */ = {
			isa = PBXGroup;
			children = (
				96DA6C171C9B03FE00E424D5 /* APNAssistantUITests.swift */,
				96DA6C191C9B03FE00E424D5 /* Info.plist */,
			);
			path = APNAssistantUITests;
			sourceTree = "<group>";
		};
		ABEAB649DE6ACE49732DE041 /* Frameworks */ = {
			isa = PBXGroup;
			children = (
				82086984B027390E9C7FD7A4 /* libPods.a */,
				18E70AFA6266B1CDC89A4A1F /* libPods-APNAssistant.a */,
				F009F3961D6006A000D428D6 /* NotificationCenter.framework */,
				4F87BBFC466205CB7A5385AC /* libPods-TodayWidget.a */,
				E669FD92FF0BDF64AF2B64E4 /* libPods-APNAssistant.a */,
				6A78525D0FE48CB6F5F6435F /* libPods-ApnBookmarks.a */,
				0C7066E1C528D83FA6C95E5F /* libPods-ApnMemo.a */,
				128B0E72D54F7296BFA4B211 /* libPods-APNAssistantLite.a */,
			);
			name = Frameworks;
			sourceTree = "<group>";
		};
		F009F3981D6006A100D428D6 /* TodayWidget */ = {
			isa = PBXGroup;
			children = (
				F009F3A61D60088A00D428D6 /* TodayWidget.entitlements */,
				F009F3991D6006A100D428D6 /* TodayViewController.swift */,
				F009F39B1D6006A100D428D6 /* MainInterface.storyboard */,
				F009F39E1D6006A100D428D6 /* Info.plist */,
				6052A1911D63E2E500A3B8CE /* TodayWidget-Bridging-Header.h */,
				602A462D1D65377000ED22D6 /* InfoPlist.strings */,
			);
			path = TodayWidget;
			sourceTree = "<group>";
		};
		F009F3A71D600AE700D428D6 /* Models */ = {
			isa = PBXGroup;
			children = (
				F009F3A81D600AE700D428D6 /* ApnProfileObject.swift */,
				F009F3A91D600AE700D428D6 /* ApnSummaryObject.swift */,
			);
			path = Models;
			sourceTree = "<group>";
		};
		F045415E1D561F7800D4388C /* Resources */ = {
			isa = PBXGroup;
			children = (
				F045415F1D561F7800D4388C /* Images */,
			);
			path = Resources;
			sourceTree = "<group>";
		};
		F045415F1D561F7800D4388C /* Images */ = {
			isa = PBXGroup;
			children = (
				6085D6691D6EC46D008FF20A /* ic_favorite_shortcut.png */,
				6085D66A1D6EC46D008FF20A /* ic_list_shortcut.png */,
			);
			path = Images;
			sourceTree = "<group>";
		};
/* End PBXGroup section */

/* Begin PBXNativeTarget section */
		96DA6BF11C9B03FD00E424D5 /* APNAssistant */ = {
			isa = PBXNativeTarget;
			buildConfigurationList = 96DA6C1C1C9B03FE00E424D5 /* Build configuration list for PBXNativeTarget "APNAssistant" */;
			buildPhases = (
				98B00AC8814008A4C2BE48C7 /* [CP] Check Pods Manifest.lock */,
				96DA6BEE1C9B03FD00E424D5 /* Sources */,
				96DA6BEF1C9B03FD00E424D5 /* Frameworks */,
				96DA6BF01C9B03FD00E424D5 /* Resources */,
				18E337D890D28D5FA0BA7FAD /* [CP] Embed Pods Frameworks */,
				0A709D2A1E243C36B562BF3A /* [CP] Copy Pods Resources */,
				60AA73A71C9BA73700E41CAE /* ShellScript */,
				F009F3A51D6006A100D428D6 /* Embed App Extensions */,
			);
			buildRules = (
			);
			dependencies = (
				F009F3A01D6006A100D428D6 /* PBXTargetDependency */,
			);
			name = APNAssistant;
			productName = APNAssistant;
			productReference = 96DA6BF21C9B03FD00E424D5 /* APNAssistant.app */;
			productType = "com.apple.product-type.application";
		};
		96DA6C071C9B03FE00E424D5 /* APNAssistantTests */ = {
			isa = PBXNativeTarget;
			buildConfigurationList = 96DA6C1F1C9B03FE00E424D5 /* Build configuration list for PBXNativeTarget "APNAssistantTests" */;
			buildPhases = (
				96DA6C041C9B03FE00E424D5 /* Sources */,
				96DA6C051C9B03FE00E424D5 /* Frameworks */,
				96DA6C061C9B03FE00E424D5 /* Resources */,
			);
			buildRules = (
			);
			dependencies = (
				96DA6C0A1C9B03FE00E424D5 /* PBXTargetDependency */,
			);
			name = APNAssistantTests;
			productName = APNAssistantTests;
			productReference = 96DA6C081C9B03FE00E424D5 /* APNAssistantTests.xctest */;
			productType = "com.apple.product-type.bundle.unit-test";
		};
		96DA6C121C9B03FE00E424D5 /* APNAssistantUITests */ = {
			isa = PBXNativeTarget;
			buildConfigurationList = 96DA6C221C9B03FE00E424D5 /* Build configuration list for PBXNativeTarget "APNAssistantUITests" */;
			buildPhases = (
				96DA6C0F1C9B03FE00E424D5 /* Sources */,
				96DA6C101C9B03FE00E424D5 /* Frameworks */,
				96DA6C111C9B03FE00E424D5 /* Resources */,
			);
			buildRules = (
			);
			dependencies = (
				96DA6C151C9B03FE00E424D5 /* PBXTargetDependency */,
			);
			name = APNAssistantUITests;
			productName = APNAssistantUITests;
			productReference = 96DA6C131C9B03FE00E424D5 /* APNAssistantUITests.xctest */;
			productType = "com.apple.product-type.bundle.ui-testing";
		};
		F009F3941D6006A000D428D6 /* TodayWidget */ = {
			isa = PBXNativeTarget;
			buildConfigurationList = F009F3A41D6006A100D428D6 /* Build configuration list for PBXNativeTarget "TodayWidget" */;
			buildPhases = (
				F91EE9737E46D0E6D5F451D8 /* [CP] Check Pods Manifest.lock */,
				F009F3911D6006A000D428D6 /* Sources */,
				F009F3921D6006A000D428D6 /* Frameworks */,
				F009F3931D6006A000D428D6 /* Resources */,
				0F0DBDB391AFCA38673804FB /* [CP] Copy Pods Resources */,
				F04DB17F1D6494BA00998852 /* ShellScript */,
			);
			buildRules = (
			);
			dependencies = (
			);
			name = TodayWidget;
			productName = TodayWidget;
			productReference = F009F3951D6006A000D428D6 /* TodayWidget.appex */;
			productType = "com.apple.product-type.app-extension";
		};
		F02DA0F31D997944007F6C93 /* APNAssistantLite */ = {
			isa = PBXNativeTarget;
			buildConfigurationList = F02DA1271D997944007F6C93 /* Build configuration list for PBXNativeTarget "APNAssistantLite" */;
			buildPhases = (
				F02DA0F61D997944007F6C93 /* [CP] Check Pods Manifest.lock */,
				F02DA0F71D997944007F6C93 /* Sources */,
				F02DA1101D997944007F6C93 /* Frameworks */,
				F02DA1121D997944007F6C93 /* Resources */,
				F02DA1221D997944007F6C93 /* [CP] Embed Pods Frameworks */,
				F02DA1231D997944007F6C93 /* [CP] Copy Pods Resources */,
				F02DA1241D997944007F6C93 /* ShellScript */,
			);
			buildRules = (
			);
			dependencies = (
			);
			name = APNAssistantLite;
			productName = APNAssistant;
			productReference = F02DA12A1D997944007F6C93 /* APNAssistantLite.app */;
			productType = "com.apple.product-type.application";
		};
/* End PBXNativeTarget section */

/* Begin PBXProject section */
		96DA6BEA1C9B03FD00E424D5 /* Project object */ = {
			isa = PBXProject;
			attributes = {
				LastSwiftUpdateCheck = 0730;
				LastUpgradeCheck = 0820;
				ORGANIZATIONNAME = WataruSuzuki;
				TargetAttributes = {
					96DA6BF11C9B03FD00E424D5 = {
						CreatedOnToolsVersion = 7.2.1;
						DevelopmentTeam = F35G39V2UB;
						LastSwiftMigration = 0800;
						SystemCapabilities = {
							com.apple.ApplicationGroups.iOS = {
								enabled = 1;
							};
							com.apple.BackgroundModes = {
								enabled = 1;
							};
							com.apple.SafariKeychain = {
								enabled = 1;
							};
						};
					};
					96DA6C071C9B03FE00E424D5 = {
						CreatedOnToolsVersion = 7.2.1;
						LastSwiftMigration = 0800;
						TestTargetID = 96DA6BF11C9B03FD00E424D5;
					};
					96DA6C121C9B03FE00E424D5 = {
						CreatedOnToolsVersion = 7.2.1;
						LastSwiftMigration = 0800;
						TestTargetID = 96DA6BF11C9B03FD00E424D5;
					};
					F009F3941D6006A000D428D6 = {
						CreatedOnToolsVersion = 7.3.1;
						DevelopmentTeam = F35G39V2UB;
						LastSwiftMigration = 0800;
						SystemCapabilities = {
							com.apple.ApplicationGroups.iOS = {
								enabled = 1;
							};
							com.apple.Push = {
								enabled = 1;
							};
						};
					};
					F02DA0F31D997944007F6C93 = {
						DevelopmentTeam = F35G39V2UB;
						LastSwiftMigration = 0800;
						SystemCapabilities = {
							com.apple.ApplicationGroups.iOS = {
								enabled = 1;
							};
							com.apple.SafariKeychain = {
								enabled = 0;
							};
						};
					};
				};
			};
			buildConfigurationList = 96DA6BED1C9B03FD00E424D5 /* Build configuration list for PBXProject "APNAssistant" */;
			compatibilityVersion = "Xcode 3.2";
			developmentRegion = English;
			hasScannedForEncodings = 0;
			knownRegions = (
				en,
				Base,
				ja,
			);
			mainGroup = 96DA6BE91C9B03FD00E424D5;
			productRefGroup = 96DA6BF31C9B03FD00E424D5 /* Products */;
			projectDirPath = "";
			projectRoot = "";
			targets = (
				96DA6BF11C9B03FD00E424D5 /* APNAssistant */,
				96DA6C071C9B03FE00E424D5 /* APNAssistantTests */,
				96DA6C121C9B03FE00E424D5 /* APNAssistantUITests */,
				F009F3941D6006A000D428D6 /* TodayWidget */,
				F02DA0F31D997944007F6C93 /* APNAssistantLite */,
			);
		};
/* End PBXProject section */

/* Begin PBXResourcesBuildPhase section */
		96DA6BF01C9B03FD00E424D5 /* Resources */ = {
			isa = PBXResourcesBuildPhase;
			buildActionMask = 2147483647;
			files = (
				60AA73A61C9BA3DD00E41CAE /* Settings.bundle in Resources */,
				60BEE5051CA3E1A4005B86B9 /* Localizable.strings in Resources */,
				96DA6C021C9B03FD00E424D5 /* LaunchScreen.storyboard in Resources */,
				6082F1B51D536843000B59EA /* configrationProfile.html in Resources */,
				602A46321D65483A00ED22D6 /* SegmentedCtrlCell.xib in Resources */,
				60BEE5141CA400AB005B86B9 /* TextFieldCell.xib in Resources */,
				6085D66C1D6EC46D008FF20A /* ic_list_shortcut.png in Resources */,
				6085D66B1D6EC46D008FF20A /* ic_favorite_shortcut.png in Resources */,
				9618C8C71D92D21C008B25F3 /* ProgressIndicatorView.xib in Resources */,
				6082F1B61D536843000B59EA /* index.html in Resources */,
				600F956B1DA231A200045495 /* MsgNoDataView.xib in Resources */,
				96DA6BFF1C9B03FD00E424D5 /* Assets.xcassets in Resources */,
				60BEE5121CA4009E005B86B9 /* UISwitchCell.xib in Resources */,
				96DA6BFD1C9B03FD00E424D5 /* Main.storyboard in Resources */,
				60BEE4FF1CA3E185005B86B9 /* InfoPlist.strings in Resources */,
			);
			runOnlyForDeploymentPostprocessing = 0;
		};
		96DA6C061C9B03FE00E424D5 /* Resources */ = {
			isa = PBXResourcesBuildPhase;
			buildActionMask = 2147483647;
			files = (
			);
			runOnlyForDeploymentPostprocessing = 0;
		};
		96DA6C111C9B03FE00E424D5 /* Resources */ = {
			isa = PBXResourcesBuildPhase;
			buildActionMask = 2147483647;
			files = (
				601514611DED8DF1003A3586 /* Localizable.strings in Resources */,
			);
			runOnlyForDeploymentPostprocessing = 0;
		};
		F009F3931D6006A000D428D6 /* Resources */ = {
			isa = PBXResourcesBuildPhase;
			buildActionMask = 2147483647;
			files = (
				F009F39D1D6006A100D428D6 /* MainInterface.storyboard in Resources */,
				602A462B1D65377000ED22D6 /* InfoPlist.strings in Resources */,
				F009F3AC1D600D2600D428D6 /* Localizable.strings in Resources */,
			);
			runOnlyForDeploymentPostprocessing = 0;
		};
		F02DA1121D997944007F6C93 /* Resources */ = {
			isa = PBXResourcesBuildPhase;
			buildActionMask = 2147483647;
			files = (
				9651C21F1D9BA27C008A4A9D /* index.html in Resources */,
				F02DA1131D997944007F6C93 /* Settings.bundle in Resources */,
				9651C2131D9B938A008A4A9D /* InfoPlist.strings in Resources */,
				F02DA1141D997944007F6C93 /* Localizable.strings in Resources */,
				F02DA1161D997944007F6C93 /* LaunchScreen.storyboard in Resources */,
				F02DA1181D997944007F6C93 /* SegmentedCtrlCell.xib in Resources */,
				F02DA1191D997944007F6C93 /* TextFieldCell.xib in Resources */,
				9651C21E1D9BA27C008A4A9D /* configrationProfile.html in Resources */,
				F02DA11A1D997944007F6C93 /* ic_list_shortcut.png in Resources */,
				600F956E1DA2568600045495 /* MsgNoDataView.xib in Resources */,
				F02DA11B1D997944007F6C93 /* ic_favorite_shortcut.png in Resources */,
				F02DA11C1D997944007F6C93 /* ProgressIndicatorView.xib in Resources */,
				F02DA11E1D997944007F6C93 /* Assets.xcassets in Resources */,
				F02DA11F1D997944007F6C93 /* UISwitchCell.xib in Resources */,
				F02DA1201D997944007F6C93 /* Main.storyboard in Resources */,
			);
			runOnlyForDeploymentPostprocessing = 0;
		};
/* End PBXResourcesBuildPhase section */

/* Begin PBXShellScriptBuildPhase section */
		0A709D2A1E243C36B562BF3A /* [CP] Copy Pods Resources */ = {
			isa = PBXShellScriptBuildPhase;
			buildActionMask = 2147483647;
			files = (
			);
			inputPaths = (
			);
			name = "[CP] Copy Pods Resources";
			outputPaths = (
			);
			runOnlyForDeploymentPostprocessing = 0;
			shellPath = /bin/sh;
			shellScript = "\"${SRCROOT}/Pods/Target Support Files/Pods-APNAssistant/Pods-APNAssistant-resources.sh\"\n";
			showEnvVarsInLog = 0;
		};
		0F0DBDB391AFCA38673804FB /* [CP] Copy Pods Resources */ = {
			isa = PBXShellScriptBuildPhase;
			buildActionMask = 2147483647;
			files = (
			);
			inputPaths = (
			);
			name = "[CP] Copy Pods Resources";
			outputPaths = (
			);
			runOnlyForDeploymentPostprocessing = 0;
			shellPath = /bin/sh;
			shellScript = "\"${SRCROOT}/Pods/Target Support Files/Pods-TodayWidget/Pods-TodayWidget-resources.sh\"\n";
			showEnvVarsInLog = 0;
		};
		18E337D890D28D5FA0BA7FAD /* [CP] Embed Pods Frameworks */ = {
			isa = PBXShellScriptBuildPhase;
			buildActionMask = 2147483647;
			files = (
			);
			inputPaths = (
			);
			name = "[CP] Embed Pods Frameworks";
			outputPaths = (
			);
			runOnlyForDeploymentPostprocessing = 0;
			shellPath = /bin/sh;
			shellScript = "\"${SRCROOT}/Pods/Target Support Files/Pods-APNAssistant/Pods-APNAssistant-frameworks.sh\"\n";
			showEnvVarsInLog = 0;
		};
		60AA73A71C9BA73700E41CAE /* ShellScript */ = {
			isa = PBXShellScriptBuildPhase;
			buildActionMask = 2147483647;
			files = (
			);
			inputPaths = (
			);
			outputPaths = (
			);
			runOnlyForDeploymentPostprocessing = 0;
			shellPath = /bin/sh;
			shellScript = "#!/bin/bash\nAPP_VERSION=$(/usr/libexec/PlistBuddy -c \"Print CFBundleShortVersionString\" $PRODUCT_SETTINGS_PATH)\n/usr/libexec/PlistBuddy -c \"Set :PreferenceSpecifiers:1:DefaultValue ${APP_VERSION}\" \"${BUILT_PRODUCTS_DIR}/${WRAPPER_NAME}/Settings.bundle/Root.plist\"\n\nAPP_BUILD_NO=$(/usr/libexec/PlistBuddy -c \"Print CFBundleVersion\" $PRODUCT_SETTINGS_PATH)\n/usr/libexec/PlistBuddy -c \"Set :PreferenceSpecifiers:2:DefaultValue ${APP_BUILD_NO}\" \"${BUILT_PRODUCTS_DIR}/${WRAPPER_NAME}/Settings.bundle/Root.plist\"\n\nif [ \"${CONFIGURATION}\" = \"Release\" ]; then\n\n# get the build number\nbuildNumber=$(/usr/libexec/PlistBuddy -c \"Print CFBundleVersion\" \"$INFOPLIST_FILE\")\necho \"Old Build number $buildNumber\"\n\n# split it by dots\narrIN=(${buildNumber/./ })\n    \n# get the last element position\nlastElementPosition=$((${#arrIN[@]} - 1))\n# get the minor version from the last array element\nminorVersion=${arrIN[${lastElementPosition}]}\n# Increase it by 1\nminorVersion=$((minorVersion+1))\n# Format it as 3 digit\n#minorVersion=`printf \"%03d\" $minorVersion`\necho \"New minor version $minorVersion\"\n# Update it on the array\narrIN[$lastElementPosition]=$minorVersion\n\n# construct the build number now by joining the array\nbuildNumber=$(IFS=. ; echo \"${arrIN[*]}\")\n\necho \"New Build number $buildNumber\"\n\n#update it in plist\n/usr/libexec/PlistBuddy -c \"Set :CFBundleVersion $buildNumber\" \"$INFOPLIST_FILE\"\n\nfi";
		};
		98B00AC8814008A4C2BE48C7 /* [CP] Check Pods Manifest.lock */ = {
			isa = PBXShellScriptBuildPhase;
			buildActionMask = 2147483647;
			files = (
			);
			inputPaths = (
			);
			name = "[CP] Check Pods Manifest.lock";
			outputPaths = (
			);
			runOnlyForDeploymentPostprocessing = 0;
			shellPath = /bin/sh;
			shellScript = "diff \"${PODS_ROOT}/../Podfile.lock\" \"${PODS_ROOT}/Manifest.lock\" > /dev/null\nif [ $? != 0 ] ; then\n    # print error to STDERR\n    echo \"error: The sandbox is not in sync with the Podfile.lock. Run 'pod install' or update your CocoaPods installation.\" >&2\n    exit 1\nfi\n";
			showEnvVarsInLog = 0;
		};
		F02DA0F61D997944007F6C93 /* [CP] Check Pods Manifest.lock */ = {
			isa = PBXShellScriptBuildPhase;
			buildActionMask = 2147483647;
			files = (
			);
			inputPaths = (
			);
			name = "[CP] Check Pods Manifest.lock";
			outputPaths = (
			);
			runOnlyForDeploymentPostprocessing = 0;
			shellPath = /bin/sh;
			shellScript = "diff \"${PODS_ROOT}/../Podfile.lock\" \"${PODS_ROOT}/Manifest.lock\" > /dev/null\nif [ $? != 0 ] ; then\n    # print error to STDERR\n    echo \"error: The sandbox is not in sync with the Podfile.lock. Run 'pod install' or update your CocoaPods installation.\" >&2\n    exit 1\nfi\n";
			showEnvVarsInLog = 0;
		};
		F02DA1221D997944007F6C93 /* [CP] Embed Pods Frameworks */ = {
			isa = PBXShellScriptBuildPhase;
			buildActionMask = 2147483647;
			files = (
			);
			inputPaths = (
			);
			name = "[CP] Embed Pods Frameworks";
			outputPaths = (
			);
			runOnlyForDeploymentPostprocessing = 0;
			shellPath = /bin/sh;
			shellScript = "\"${SRCROOT}/Pods/Target Support Files/Pods-APNAssistantLite/Pods-APNAssistantLite-frameworks.sh\"\n";
			showEnvVarsInLog = 0;
		};
		F02DA1231D997944007F6C93 /* [CP] Copy Pods Resources */ = {
			isa = PBXShellScriptBuildPhase;
			buildActionMask = 2147483647;
			files = (
			);
			inputPaths = (
			);
			name = "[CP] Copy Pods Resources";
			outputPaths = (
			);
			runOnlyForDeploymentPostprocessing = 0;
			shellPath = /bin/sh;
			shellScript = "\"${SRCROOT}/Pods/Target Support Files/Pods-APNAssistantLite/Pods-APNAssistantLite-resources.sh\"\n";
			showEnvVarsInLog = 0;
		};
		F02DA1241D997944007F6C93 /* ShellScript */ = {
			isa = PBXShellScriptBuildPhase;
			buildActionMask = 2147483647;
			files = (
			);
			inputPaths = (
			);
			outputPaths = (
			);
			runOnlyForDeploymentPostprocessing = 0;
			shellPath = /bin/sh;
			shellScript = "#!/bin/bash\nAPP_VERSION=$(/usr/libexec/PlistBuddy -c \"Print CFBundleShortVersionString\" $PRODUCT_SETTINGS_PATH)\n/usr/libexec/PlistBuddy -c \"Set :PreferenceSpecifiers:1:DefaultValue ${APP_VERSION}\" \"${BUILT_PRODUCTS_DIR}/${WRAPPER_NAME}/Settings.bundle/Root.plist\"\n\nAPP_BUILD_NO=$(/usr/libexec/PlistBuddy -c \"Print CFBundleVersion\" $PRODUCT_SETTINGS_PATH)\n/usr/libexec/PlistBuddy -c \"Set :PreferenceSpecifiers:2:DefaultValue ${APP_BUILD_NO}\" \"${BUILT_PRODUCTS_DIR}/${WRAPPER_NAME}/Settings.bundle/Root.plist\"\n\nif [ \"${CONFIGURATION}\" = \"Release\" ]; then\n\n# get the build number\nbuildNumber=$(/usr/libexec/PlistBuddy -c \"Print CFBundleVersion\" \"$INFOPLIST_FILE\")\necho \"Old Build number $buildNumber\"\n\n# split it by dots\narrIN=(${buildNumber/./ })\n    \n# get the last element position\nlastElementPosition=$((${#arrIN[@]} - 1))\n# get the minor version from the last array element\nminorVersion=${arrIN[${lastElementPosition}]}\n# Increase it by 1\nminorVersion=$((minorVersion+1))\n# Format it as 3 digit\n#minorVersion=`printf \"%03d\" $minorVersion`\necho \"New minor version $minorVersion\"\n# Update it on the array\narrIN[$lastElementPosition]=$minorVersion\n\n# construct the build number now by joining the array\nbuildNumber=$(IFS=. ; echo \"${arrIN[*]}\")\n\necho \"New Build number $buildNumber\"\n\n#update it in plist\n/usr/libexec/PlistBuddy -c \"Set :CFBundleVersion $buildNumber\" \"$INFOPLIST_FILE\"\n\nfi";
		};
		F04DB17F1D6494BA00998852 /* ShellScript */ = {
			isa = PBXShellScriptBuildPhase;
			buildActionMask = 2147483647;
			files = (
			);
			inputPaths = (
			);
			outputPaths = (
			);
			runOnlyForDeploymentPostprocessing = 0;
			shellPath = /bin/sh;
			shellScript = "#!/bin/bash\nif [ \"${CONFIGURATION}\" = \"Release\" ]; then\n\n# get the build number\nbuildNumber=$(/usr/libexec/PlistBuddy -c \"Print CFBundleVersion\" \"$INFOPLIST_FILE\")\necho \"Old Build number $buildNumber\"\n\n# split it by dots\narrIN=(${buildNumber/./ })\n\n# get the last element position\nlastElementPosition=$((${#arrIN[@]} - 1))\n    # get the minor version from the last array element\n    minorVersion=${arrIN[${lastElementPosition}]}\n    # Increase it by 1\n    minorVersion=$((minorVersion+1))\n    # Format it as 3 digit\n    #minorVersion=`printf \"%03d\" $minorVersion`\n    echo \"New minor version $minorVersion\"\n    # Update it on the array\n    arrIN[$lastElementPosition]=$minorVersion\n    \n    # construct the build number now by joining the array\n    buildNumber=$(IFS=. ; echo \"${arrIN[*]}\")\n    \n    echo \"New Build number $buildNumber\"\n    \n    #update it in plist\n    /usr/libexec/PlistBuddy -c \"Set :CFBundleVersion $buildNumber\" \"$INFOPLIST_FILE\"\n    \n    fi";
		};
		F91EE9737E46D0E6D5F451D8 /* [CP] Check Pods Manifest.lock */ = {
			isa = PBXShellScriptBuildPhase;
			buildActionMask = 2147483647;
			files = (
			);
			inputPaths = (
			);
			name = "[CP] Check Pods Manifest.lock";
			outputPaths = (
			);
			runOnlyForDeploymentPostprocessing = 0;
			shellPath = /bin/sh;
			shellScript = "diff \"${PODS_ROOT}/../Podfile.lock\" \"${PODS_ROOT}/Manifest.lock\" > /dev/null\nif [ $? != 0 ] ; then\n    # print error to STDERR\n    echo \"error: The sandbox is not in sync with the Podfile.lock. Run 'pod install' or update your CocoaPods installation.\" >&2\n    exit 1\nfi\n";
			showEnvVarsInLog = 0;
		};
/* End PBXShellScriptBuildPhase section */

/* Begin PBXSourcesBuildPhase section */
		96DA6BEE1C9B03FD00E424D5 /* Sources */ = {
			isa = PBXSourcesBuildPhase;
			buildActionMask = 2147483647;
			files = (
				602A46311D65483A00ED22D6 /* SegmentedCtrlCell.swift in Sources */,
				60301DC81E03CA340013B26A /* UtilFileManager.swift in Sources */,
				60301DC61E03C94C0013B26A /* AvailableProfileHelper.swift in Sources */,
				96007FB41D963A02000FAE04 /* UtilAppStatus.swift in Sources */,
				6085D6741D6F1597008FF20A /* UtilShareAction.swift in Sources */,
				96DA6BF61C9B03FD00E424D5 /* AppDelegate.swift in Sources */,
				60DC0F0E1D6E94FB00A4DD29 /* MainTabBarController.swift in Sources */,
				6066A99A1CB7DDA10059CAC7 /* UtilHandleRLMObject.swift in Sources */,
				60224E0E1CA0E34D00AFB201 /* ApnListViewController.swift in Sources */,
				F009F3AA1D600AE700D428D6 /* ApnProfileObject.swift in Sources */,
				96A1EF6F1D9304BE005EEA31 /* AboutThisAppViewController.swift in Sources */,
				6085D6721D6F012B008FF20A /* ApnListViewController+Previewing.swift in Sources */,
				60BEE4F71CA38EA7005B86B9 /* FavoriteApnListViewController.swift in Sources */,
				F009F3AB1D600AE700D428D6 /* ApnSummaryObject.swift in Sources */,
				9618C8C51D92D1F8008B25F3 /* ProgressIndicatorView.swift in Sources */,
				60BEE5101CA40061005B86B9 /* UISwitchCell.swift in Sources */,
				60BEE50E1CA4003F005B86B9 /* TextFieldCell.swift in Sources */,
				607165521CB3D28A000BCAF5 /* AvailableApnListViewController.swift in Sources */,
				60DC0F0C1D6E8ADE00A4DD29 /* UtilShortcutLaunch.swift in Sources */,
				60224E0C1CA0E32200AFB201 /* EditApnViewController.swift in Sources */,
				6082F1B81D536B53000B59EA /* UtilCocoaHTTPServer.swift in Sources */,
				602211F71CC7395B0065D37D /* DetailApnViewController.swift in Sources */,
				F0A74DCD1D9BBD3E009D799E /* UtilAlertSheet.swift in Sources */,
				60301DC41E03C8D20013B26A /* AvailableCountriesHelper.swift in Sources */,
				600F95691DA2317E00045495 /* MsgNoDataView.swift in Sources */,
			);
			runOnlyForDeploymentPostprocessing = 0;
		};
		96DA6C041C9B03FE00E424D5 /* Sources */ = {
			isa = PBXSourcesBuildPhase;
			buildActionMask = 2147483647;
			files = (
				96DA6C0D1C9B03FE00E424D5 /* APNAssistantTests.swift in Sources */,
			);
			runOnlyForDeploymentPostprocessing = 0;
		};
		96DA6C0F1C9B03FE00E424D5 /* Sources */ = {
			isa = PBXSourcesBuildPhase;
			buildActionMask = 2147483647;
			files = (
				96DA6C181C9B03FE00E424D5 /* APNAssistantUITests.swift in Sources */,
			);
			runOnlyForDeploymentPostprocessing = 0;
		};
		F009F3911D6006A000D428D6 /* Sources */ = {
			isa = PBXSourcesBuildPhase;
			buildActionMask = 2147483647;
			files = (
				F009F39A1D6006A100D428D6 /* TodayViewController.swift in Sources */,
				6052A18F1D63E28C00A3B8CE /* ApnSummaryObject.swift in Sources */,
				6052A1941D63E34800A3B8CE /* UtilHandleRLMObject.swift in Sources */,
				6052A1901D63E29100A3B8CE /* ApnProfileObject.swift in Sources */,
				6052A1951D63E34C00A3B8CE /* UtilCocoaHTTPServer.swift in Sources */,
				603816941E07952E001D5C70 /* UtilFileManager.swift in Sources */,
			);
			runOnlyForDeploymentPostprocessing = 0;
		};
		F02DA0F71D997944007F6C93 /* Sources */ = {
			isa = PBXSourcesBuildPhase;
			buildActionMask = 2147483647;
			files = (
				F02DA0F81D997944007F6C93 /* SegmentedCtrlCell.swift in Sources */,
				603816961E079804001D5C70 /* AvailableProfileHelper.swift in Sources */,
				603816951E0797F1001D5C70 /* UtilFileManager.swift in Sources */,
				F02DA0F91D997944007F6C93 /* UtilAppStatus.swift in Sources */,
				F02DA0FA1D997944007F6C93 /* UtilShareAction.swift in Sources */,
				F02DA0FB1D997944007F6C93 /* AppDelegate.swift in Sources */,
				F02DA0FC1D997944007F6C93 /* MainTabBarController.swift in Sources */,
				F02DA0FD1D997944007F6C93 /* UtilHandleRLMObject.swift in Sources */,
				F02DA0FF1D997944007F6C93 /* ApnListViewController.swift in Sources */,
				F02DA1001D997944007F6C93 /* ApnProfileObject.swift in Sources */,
				F02DA1031D997944007F6C93 /* AboutThisAppViewController.swift in Sources */,
				F02DA1041D997944007F6C93 /* ApnListViewController+Previewing.swift in Sources */,
				F02DA1051D997944007F6C93 /* FavoriteApnListViewController.swift in Sources */,
				F02DA1061D997944007F6C93 /* ApnSummaryObject.swift in Sources */,
				603816971E079808001D5C70 /* AvailableCountriesHelper.swift in Sources */,
				F02DA1071D997944007F6C93 /* ProgressIndicatorView.swift in Sources */,
				F02DA1081D997944007F6C93 /* UISwitchCell.swift in Sources */,
				F02DA1091D997944007F6C93 /* TextFieldCell.swift in Sources */,
				F02DA10A1D997944007F6C93 /* AvailableApnListViewController.swift in Sources */,
				F02DA10B1D997944007F6C93 /* UtilShortcutLaunch.swift in Sources */,
				F02DA10D1D997944007F6C93 /* EditApnViewController.swift in Sources */,
				F02DA10E1D997944007F6C93 /* UtilCocoaHTTPServer.swift in Sources */,
				F02DA10F1D997944007F6C93 /* DetailApnViewController.swift in Sources */,
				9651C2201D9BCA7B008A4A9D /* UtilAlertSheet.swift in Sources */,
				600F956C1DA235E700045495 /* MsgNoDataView.swift in Sources */,
			);
			runOnlyForDeploymentPostprocessing = 0;
		};
/* End PBXSourcesBuildPhase section */

/* Begin PBXTargetDependency section */
		96DA6C0A1C9B03FE00E424D5 /* PBXTargetDependency */ = {
			isa = PBXTargetDependency;
			target = 96DA6BF11C9B03FD00E424D5 /* APNAssistant */;
			targetProxy = 96DA6C091C9B03FE00E424D5 /* PBXContainerItemProxy */;
		};
		96DA6C151C9B03FE00E424D5 /* PBXTargetDependency */ = {
			isa = PBXTargetDependency;
			target = 96DA6BF11C9B03FD00E424D5 /* APNAssistant */;
			targetProxy = 96DA6C141C9B03FE00E424D5 /* PBXContainerItemProxy */;
		};
		F009F3A01D6006A100D428D6 /* PBXTargetDependency */ = {
			isa = PBXTargetDependency;
			target = F009F3941D6006A000D428D6 /* TodayWidget */;
			targetProxy = F009F39F1D6006A100D428D6 /* PBXContainerItemProxy */;
		};
/* End PBXTargetDependency section */

/* Begin PBXVariantGroup section */
		602A462D1D65377000ED22D6 /* InfoPlist.strings */ = {
			isa = PBXVariantGroup;
			children = (
				602A462C1D65377000ED22D6 /* ja */,
				602A462E1D65379100ED22D6 /* Base */,
			);
			name = InfoPlist.strings;
			sourceTree = "<group>";
		};
		60BEE5011CA3E185005B86B9 /* InfoPlist.strings */ = {
			isa = PBXVariantGroup;
			children = (
				60BEE5001CA3E185005B86B9 /* Base */,
				60BEE5021CA3E187005B86B9 /* ja */,
			);
			name = InfoPlist.strings;
			sourceTree = "<group>";
		};
		60BEE5071CA3E1A4005B86B9 /* Localizable.strings */ = {
			isa = PBXVariantGroup;
			children = (
				60BEE5061CA3E1A4005B86B9 /* Base */,
				60BEE5081CA3E1A6005B86B9 /* ja */,
			);
			name = Localizable.strings;
			sourceTree = "<group>";
		};
		9651C2151D9B938A008A4A9D /* InfoPlist.strings */ = {
			isa = PBXVariantGroup;
			children = (
				9651C2141D9B938A008A4A9D /* Base */,
				9651C2161D9B9393008A4A9D /* ja */,
			);
			name = InfoPlist.strings;
			sourceTree = "<group>";
		};
		96DA6BFB1C9B03FD00E424D5 /* Main.storyboard */ = {
			isa = PBXVariantGroup;
			children = (
				96DA6BFC1C9B03FD00E424D5 /* Base */,
				60BEE4FB1CA3E0EE005B86B9 /* ja */,
			);
			name = Main.storyboard;
			sourceTree = "<group>";
		};
		96DA6C001C9B03FD00E424D5 /* LaunchScreen.storyboard */ = {
			isa = PBXVariantGroup;
			children = (
				96DA6C011C9B03FD00E424D5 /* Base */,
				60BEE4FC1CA3E0EF005B86B9 /* ja */,
			);
			name = LaunchScreen.storyboard;
			sourceTree = "<group>";
		};
		F009F39B1D6006A100D428D6 /* MainInterface.storyboard */ = {
			isa = PBXVariantGroup;
			children = (
				F009F39C1D6006A100D428D6 /* Base */,
			);
			name = MainInterface.storyboard;
			sourceTree = "<group>";
		};
/* End PBXVariantGroup section */

/* Begin XCBuildConfiguration section */
		96DA6C1A1C9B03FE00E424D5 /* Debug */ = {
			isa = XCBuildConfiguration;
			buildSettings = {
				ALWAYS_SEARCH_USER_PATHS = NO;
				CLANG_ANALYZER_LOCALIZABILITY_NONLOCALIZED = YES;
				CLANG_CXX_LANGUAGE_STANDARD = "gnu++0x";
				CLANG_CXX_LIBRARY = "libc++";
				CLANG_ENABLE_MODULES = YES;
				CLANG_ENABLE_OBJC_ARC = YES;
				CLANG_WARN_BOOL_CONVERSION = YES;
				CLANG_WARN_CONSTANT_CONVERSION = YES;
				CLANG_WARN_DIRECT_OBJC_ISA_USAGE = YES_ERROR;
				CLANG_WARN_EMPTY_BODY = YES;
				CLANG_WARN_ENUM_CONVERSION = YES;
				CLANG_WARN_INFINITE_RECURSION = YES;
				CLANG_WARN_INT_CONVERSION = YES;
				CLANG_WARN_OBJC_ROOT_CLASS = YES_ERROR;
				CLANG_WARN_SUSPICIOUS_MOVE = YES;
				CLANG_WARN_UNREACHABLE_CODE = YES;
				CLANG_WARN__DUPLICATE_METHOD_MATCH = YES;
				"CODE_SIGN_IDENTITY[sdk=iphoneos*]" = "iPhone Developer";
				COPY_PHASE_STRIP = NO;
				DEBUG_INFORMATION_FORMAT = dwarf;
				ENABLE_BITCODE = NO;
				ENABLE_STRICT_OBJC_MSGSEND = YES;
				ENABLE_TESTABILITY = YES;
				GCC_C_LANGUAGE_STANDARD = gnu99;
				GCC_DYNAMIC_NO_PIC = NO;
				GCC_NO_COMMON_BLOCKS = YES;
				GCC_OPTIMIZATION_LEVEL = 0;
				GCC_PREPROCESSOR_DEFINITIONS = (
					"DEBUG=1",
					"$(inherited)",
				);
				GCC_WARN_64_TO_32_BIT_CONVERSION = YES;
				GCC_WARN_ABOUT_RETURN_TYPE = YES_ERROR;
				GCC_WARN_UNDECLARED_SELECTOR = YES;
				GCC_WARN_UNINITIALIZED_AUTOS = YES_AGGRESSIVE;
				GCC_WARN_UNUSED_FUNCTION = YES;
				GCC_WARN_UNUSED_VARIABLE = YES;
				IPHONEOS_DEPLOYMENT_TARGET = 8.0;
				MTL_ENABLE_DEBUG_INFO = YES;
				ONLY_ACTIVE_ARCH = YES;
				SDKROOT = iphoneos;
				SWIFT_ACTIVE_COMPILATION_CONDITIONS = DEBUG;
				SWIFT_OPTIMIZATION_LEVEL = "-Onone";
				TARGETED_DEVICE_FAMILY = "1,2";
			};
			name = Debug;
		};
		96DA6C1B1C9B03FE00E424D5 /* Release */ = {
			isa = XCBuildConfiguration;
			buildSettings = {
				ALWAYS_SEARCH_USER_PATHS = NO;
				CLANG_ANALYZER_LOCALIZABILITY_NONLOCALIZED = YES;
				CLANG_CXX_LANGUAGE_STANDARD = "gnu++0x";
				CLANG_CXX_LIBRARY = "libc++";
				CLANG_ENABLE_MODULES = YES;
				CLANG_ENABLE_OBJC_ARC = YES;
				CLANG_WARN_BOOL_CONVERSION = YES;
				CLANG_WARN_CONSTANT_CONVERSION = YES;
				CLANG_WARN_DIRECT_OBJC_ISA_USAGE = YES_ERROR;
				CLANG_WARN_EMPTY_BODY = YES;
				CLANG_WARN_ENUM_CONVERSION = YES;
				CLANG_WARN_INFINITE_RECURSION = YES;
				CLANG_WARN_INT_CONVERSION = YES;
				CLANG_WARN_OBJC_ROOT_CLASS = YES_ERROR;
				CLANG_WARN_SUSPICIOUS_MOVE = YES;
				CLANG_WARN_UNREACHABLE_CODE = YES;
				CLANG_WARN__DUPLICATE_METHOD_MATCH = YES;
				"CODE_SIGN_IDENTITY[sdk=iphoneos*]" = "iPhone Developer";
				COPY_PHASE_STRIP = NO;
				DEBUG_INFORMATION_FORMAT = "dwarf-with-dsym";
				ENABLE_BITCODE = NO;
				ENABLE_NS_ASSERTIONS = NO;
				ENABLE_STRICT_OBJC_MSGSEND = YES;
				GCC_C_LANGUAGE_STANDARD = gnu99;
				GCC_NO_COMMON_BLOCKS = YES;
				GCC_WARN_64_TO_32_BIT_CONVERSION = YES;
				GCC_WARN_ABOUT_RETURN_TYPE = YES_ERROR;
				GCC_WARN_UNDECLARED_SELECTOR = YES;
				GCC_WARN_UNINITIALIZED_AUTOS = YES_AGGRESSIVE;
				GCC_WARN_UNUSED_FUNCTION = YES;
				GCC_WARN_UNUSED_VARIABLE = YES;
				IPHONEOS_DEPLOYMENT_TARGET = 8.0;
				MTL_ENABLE_DEBUG_INFO = NO;
				SDKROOT = iphoneos;
				SWIFT_OPTIMIZATION_LEVEL = "-Owholemodule";
				TARGETED_DEVICE_FAMILY = "1,2";
				VALIDATE_PRODUCT = YES;
			};
			name = Release;
		};
		96DA6C1D1C9B03FE00E424D5 /* Debug */ = {
			isa = XCBuildConfiguration;
			baseConfigurationReference = C0F77DB63DFB28631659C55F /* Pods-APNAssistant.debug.xcconfig */;
			buildSettings = {
				ASSETCATALOG_COMPILER_APPICON_NAME = AppIcon;
				ASSETCATALOG_COMPILER_LAUNCHIMAGE_NAME = LaunchImage;
				CLANG_ENABLE_MODULES = YES;
				CODE_SIGN_ENTITLEMENTS = APNAssistant/APNAssistant.entitlements;
				CODE_SIGN_IDENTITY = "iPhone Developer";
				INFOPLIST_FILE = APNAssistant/Info.plist;
				LD_RUNPATH_SEARCH_PATHS = "$(inherited) @executable_path/Frameworks";
				OTHER_SWIFT_FLAGS = "-D FULL_VERSION";
				PRODUCT_BUNDLE_IDENTIFIER = jp.co.JchanKchan.ApnAssister2;
				PRODUCT_NAME = APNAssistant;
				SWIFT_OBJC_BRIDGING_HEADER = "APNAssistant/APNAssistant-Bridging-Header.h";
				SWIFT_OPTIMIZATION_LEVEL = "-Onone";
				SWIFT_VERSION = 3.0;
			};
			name = Debug;
		};
		96DA6C1E1C9B03FE00E424D5 /* Release */ = {
			isa = XCBuildConfiguration;
			baseConfigurationReference = 91DC163925F165B50CB55BA8 /* Pods-APNAssistant.release.xcconfig */;
			buildSettings = {
				ASSETCATALOG_COMPILER_APPICON_NAME = AppIcon;
				ASSETCATALOG_COMPILER_LAUNCHIMAGE_NAME = LaunchImage;
				CLANG_ENABLE_MODULES = YES;
				CODE_SIGN_ENTITLEMENTS = APNAssistant/APNAssistant.entitlements;
				CODE_SIGN_IDENTITY = "iPhone Developer";
				INFOPLIST_FILE = APNAssistant/Info.plist;
				LD_RUNPATH_SEARCH_PATHS = "$(inherited) @executable_path/Frameworks";
				OTHER_SWIFT_FLAGS = "-D FULL_VERSION";
				PRODUCT_BUNDLE_IDENTIFIER = jp.co.JchanKchan.ApnAssister2;
				PRODUCT_NAME = APNAssistant;
				SWIFT_OBJC_BRIDGING_HEADER = "APNAssistant/APNAssistant-Bridging-Header.h";
				SWIFT_VERSION = 3.0;
			};
			name = Release;
		};
		96DA6C201C9B03FE00E424D5 /* Debug */ = {
			isa = XCBuildConfiguration;
			buildSettings = {
				BUNDLE_LOADER = "$(TEST_HOST)";
				INFOPLIST_FILE = APNAssistantTests/Info.plist;
				LD_RUNPATH_SEARCH_PATHS = "$(inherited) @executable_path/Frameworks @loader_path/Frameworks";
				PRODUCT_BUNDLE_IDENTIFIER = jp.co.JchanKchan.APNAssistantTests;
				PRODUCT_MODULE_NAME = "$(PRODUCT_NAME:c99extidentifier)";
				PRODUCT_NAME = APNAssistantTests;
				SWIFT_VERSION = 3.0;
				TEST_HOST = "$(BUILT_PRODUCTS_DIR)/APNAssistant.app/APNAssistant";
			};
			name = Debug;
		};
		96DA6C211C9B03FE00E424D5 /* Release */ = {
			isa = XCBuildConfiguration;
			buildSettings = {
				BUNDLE_LOADER = "$(TEST_HOST)";
				INFOPLIST_FILE = APNAssistantTests/Info.plist;
				LD_RUNPATH_SEARCH_PATHS = "$(inherited) @executable_path/Frameworks @loader_path/Frameworks";
				PRODUCT_BUNDLE_IDENTIFIER = jp.co.JchanKchan.APNAssistantTests;
				PRODUCT_MODULE_NAME = "$(PRODUCT_NAME:c99extidentifier)";
				PRODUCT_NAME = APNAssistantTests;
				SWIFT_VERSION = 3.0;
				TEST_HOST = "$(BUILT_PRODUCTS_DIR)/APNAssistant.app/APNAssistant";
			};
			name = Release;
		};
		96DA6C231C9B03FE00E424D5 /* Debug */ = {
			isa = XCBuildConfiguration;
			buildSettings = {
				INFOPLIST_FILE = APNAssistantUITests/Info.plist;
				LD_RUNPATH_SEARCH_PATHS = "$(inherited) @executable_path/Frameworks @loader_path/Frameworks";
				PRODUCT_BUNDLE_IDENTIFIER = jp.co.JchanKchan.APNAssistantUITests;
				PRODUCT_NAME = APNAssistantUITests;
				SWIFT_VERSION = 3.0;
				TEST_TARGET_NAME = APNAssistant;
				USES_XCTRUNNER = YES;
			};
			name = Debug;
		};
		96DA6C241C9B03FE00E424D5 /* Release */ = {
			isa = XCBuildConfiguration;
			buildSettings = {
				INFOPLIST_FILE = APNAssistantUITests/Info.plist;
				LD_RUNPATH_SEARCH_PATHS = "$(inherited) @executable_path/Frameworks @loader_path/Frameworks";
				PRODUCT_BUNDLE_IDENTIFIER = jp.co.JchanKchan.APNAssistantUITests;
				PRODUCT_NAME = APNAssistantUITests;
				SWIFT_VERSION = 3.0;
				TEST_TARGET_NAME = APNAssistant;
				USES_XCTRUNNER = YES;
			};
			name = Release;
		};
		F009F3A21D6006A100D428D6 /* Debug */ = {
			isa = XCBuildConfiguration;
			baseConfigurationReference = 4F796CFFB7E95A2EE67CFB78 /* Pods-TodayWidget.debug.xcconfig */;
			buildSettings = {
				CLANG_ANALYZER_NONNULL = YES;
				CLANG_ENABLE_MODULES = YES;
				CODE_SIGN_ENTITLEMENTS = TodayWidget/TodayWidget.entitlements;
				CODE_SIGN_IDENTITY = "iPhone Developer";
				INFOPLIST_FILE = TodayWidget/Info.plist;
				IPHONEOS_DEPLOYMENT_TARGET = 8.0;
				LD_RUNPATH_SEARCH_PATHS = "$(inherited) @executable_path/Frameworks @executable_path/../../Frameworks";
				PRODUCT_BUNDLE_IDENTIFIER = jp.co.JchanKchan.ApnAssister2.TodayWidget;
				PRODUCT_NAME = "$(TARGET_NAME)";
				SKIP_INSTALL = YES;
				SWIFT_OBJC_BRIDGING_HEADER = "TodayWidget/TodayWidget-Bridging-Header.h";
				SWIFT_OPTIMIZATION_LEVEL = "-Onone";
				SWIFT_VERSION = 3.0;
			};
			name = Debug;
		};
		F009F3A31D6006A100D428D6 /* Release */ = {
			isa = XCBuildConfiguration;
			baseConfigurationReference = 2FFE7029252220A93A87E3CF /* Pods-TodayWidget.release.xcconfig */;
			buildSettings = {
				CLANG_ANALYZER_NONNULL = YES;
				CLANG_ENABLE_MODULES = YES;
				CODE_SIGN_ENTITLEMENTS = TodayWidget/TodayWidget.entitlements;
				CODE_SIGN_IDENTITY = "iPhone Developer";
				INFOPLIST_FILE = TodayWidget/Info.plist;
				IPHONEOS_DEPLOYMENT_TARGET = 8.0;
				LD_RUNPATH_SEARCH_PATHS = "$(inherited) @executable_path/Frameworks @executable_path/../../Frameworks";
				PRODUCT_BUNDLE_IDENTIFIER = jp.co.JchanKchan.ApnAssister2.TodayWidget;
				PRODUCT_NAME = "$(TARGET_NAME)";
				SKIP_INSTALL = YES;
				SWIFT_OBJC_BRIDGING_HEADER = "TodayWidget/TodayWidget-Bridging-Header.h";
				SWIFT_VERSION = 3.0;
			};
			name = Release;
		};
		F02DA1281D997944007F6C93 /* Debug */ = {
			isa = XCBuildConfiguration;
			baseConfigurationReference = FFD5B00CD9A85C8C05AEC50B /* Pods-APNAssistantLite.debug.xcconfig */;
			buildSettings = {
				ASSETCATALOG_COMPILER_APPICON_NAME = "AppIcon-Memo";
				ASSETCATALOG_COMPILER_LAUNCHIMAGE_NAME = LaunchImage;
				CLANG_ENABLE_MODULES = YES;
				CODE_SIGN_ENTITLEMENTS = ApnMemo/ApnMemo.entitlements;
				CODE_SIGN_IDENTITY = "iPhone Developer";
				INFOPLIST_FILE = ApnMemo/Info.plist;
				LD_RUNPATH_SEARCH_PATHS = "$(inherited) @executable_path/Frameworks";
				OTHER_SWIFT_FLAGS = "-D STAND_ALONE_VERSION";
				PRODUCT_BUNDLE_IDENTIFIER = jp.co.JchanKchan.ApnMemo;
				PRODUCT_NAME = "$(TARGET_NAME)";
				SWIFT_OBJC_BRIDGING_HEADER = "APNAssistant/APNAssistant-Bridging-Header.h";
				SWIFT_OPTIMIZATION_LEVEL = "-Onone";
				SWIFT_VERSION = 3.0;
			};
			name = Debug;
		};
		F02DA1291D997944007F6C93 /* Release */ = {
			isa = XCBuildConfiguration;
			baseConfigurationReference = E5EAEE1911DDC17E20A8B1FC /* Pods-APNAssistantLite.release.xcconfig */;
			buildSettings = {
				ASSETCATALOG_COMPILER_APPICON_NAME = "AppIcon-Memo";
				ASSETCATALOG_COMPILER_LAUNCHIMAGE_NAME = LaunchImage;
				CLANG_ENABLE_MODULES = YES;
				CODE_SIGN_ENTITLEMENTS = ApnMemo/ApnMemo.entitlements;
				CODE_SIGN_IDENTITY = "iPhone Developer";
				INFOPLIST_FILE = ApnMemo/Info.plist;
				LD_RUNPATH_SEARCH_PATHS = "$(inherited) @executable_path/Frameworks";
				OTHER_SWIFT_FLAGS = "-D STAND_ALONE_VERSION";
				PRODUCT_BUNDLE_IDENTIFIER = jp.co.JchanKchan.ApnMemo;
				PRODUCT_NAME = "$(TARGET_NAME)";
				SWIFT_OBJC_BRIDGING_HEADER = "APNAssistant/APNAssistant-Bridging-Header.h";
				SWIFT_VERSION = 3.0;
			};
			name = Release;
		};
/* End XCBuildConfiguration section */

/* Begin XCConfigurationList section */
		96DA6BED1C9B03FD00E424D5 /* Build configuration list for PBXProject "APNAssistant" */ = {
			isa = XCConfigurationList;
			buildConfigurations = (
				96DA6C1A1C9B03FE00E424D5 /* Debug */,
				96DA6C1B1C9B03FE00E424D5 /* Release */,
			);
			defaultConfigurationIsVisible = 0;
			defaultConfigurationName = Release;
		};
		96DA6C1C1C9B03FE00E424D5 /* Build configuration list for PBXNativeTarget "APNAssistant" */ = {
			isa = XCConfigurationList;
			buildConfigurations = (
				96DA6C1D1C9B03FE00E424D5 /* Debug */,
				96DA6C1E1C9B03FE00E424D5 /* Release */,
			);
			defaultConfigurationIsVisible = 0;
			defaultConfigurationName = Release;
		};
		96DA6C1F1C9B03FE00E424D5 /* Build configuration list for PBXNativeTarget "APNAssistantTests" */ = {
			isa = XCConfigurationList;
			buildConfigurations = (
				96DA6C201C9B03FE00E424D5 /* Debug */,
				96DA6C211C9B03FE00E424D5 /* Release */,
			);
			defaultConfigurationIsVisible = 0;
			defaultConfigurationName = Release;
		};
		96DA6C221C9B03FE00E424D5 /* Build configuration list for PBXNativeTarget "APNAssistantUITests" */ = {
			isa = XCConfigurationList;
			buildConfigurations = (
				96DA6C231C9B03FE00E424D5 /* Debug */,
				96DA6C241C9B03FE00E424D5 /* Release */,
			);
			defaultConfigurationIsVisible = 0;
			defaultConfigurationName = Release;
		};
		F009F3A41D6006A100D428D6 /* Build configuration list for PBXNativeTarget "TodayWidget" */ = {
			isa = XCConfigurationList;
			buildConfigurations = (
				F009F3A21D6006A100D428D6 /* Debug */,
				F009F3A31D6006A100D428D6 /* Release */,
			);
			defaultConfigurationIsVisible = 0;
			defaultConfigurationName = Release;
		};
		F02DA1271D997944007F6C93 /* Build configuration list for PBXNativeTarget "APNAssistantLite" */ = {
			isa = XCConfigurationList;
			buildConfigurations = (
				F02DA1281D997944007F6C93 /* Debug */,
				F02DA1291D997944007F6C93 /* Release */,
			);
			defaultConfigurationIsVisible = 0;
			defaultConfigurationName = Release;
		};
/* End XCConfigurationList section */
	};
	rootObject = 96DA6BEA1C9B03FD00E424D5 /* Project object */;
}
